
Microsoft Visual Studio Solution File, Format Version 12.00
# Visual Studio Version 18
VisualStudioVersion = 18.2.11408.102
MinimumVisualStudioVersion = 10.0.40219.1
Project("{9A19103F-16F7-4668-BE54-9A1E7A4F7556}") = "ChronoWiz", "ChronoWiz\ChronoWiz.csproj", "{5A0393FD-407E-4277-A7DE-ED662A9C1E2F}"
EndProject
Project("{2150E333-8FDC-42A3-9474-1A3956D46DE8}") = "MajorMinorBuildRevisionNumbersXmlFile", "MajorMinorBuildRevisionNumbersXmlFile", "{E2AAD83C-0938-443B-9D69-C1172C9236B0}"
	ProjectSection(SolutionItems) = preProject
		MajorMinorBuildRevisionNumbers.xml = MajorMinorBuildRevisionNumbers.xml
	EndProjectSection
EndProject
Project("{FAE04EC0-301F-11D3-BF4B-00C04F79EFBC}") = "ChronoWiz.Avalonia.Linux", "ChronoWiz.Avalonia.Linux\ChronoWiz.Avalonia.Linux.csproj", "{25A4A63E-9BDE-4912-ACE0-852FCE6B507F}"
EndProject
Project("{2150E333-8FDC-42A3-9474-1A3956D46DE8}") = "Solution Items", "Solution Items", "{4A534900-C463-4A26-8E50-76255D40AF15}"
EndProject
Global
	GlobalSection(SolutionConfigurationPlatforms) = preSolution
		Debug|Any CPU = Debug|Any CPU
		Debug|ARM64 = Debug|ARM64
		Debug|x64 = Debug|x64
		Debug|x86 = Debug|x86
		Release|Any CPU = Release|Any CPU
		Release|ARM64 = Release|ARM64
		Release|x64 = Release|x64
		Release|x86 = Release|x86
	EndGlobalSection
	GlobalSection(ProjectConfigurationPlatforms) = postSolution
		{5A0393FD-407E-4277-A7DE-ED662A9C1E2F}.Debug|Any CPU.ActiveCfg = Debug|Any CPU
		{5A0393FD-407E-4277-A7DE-ED662A9C1E2F}.Debug|Any CPU.Build.0 = Debug|Any CPU
		{5A0393FD-407E-4277-A7DE-ED662A9C1E2F}.Debug|Any CPU.Deploy.0 = Debug|Any CPU
		{5A0393FD-407E-4277-A7DE-ED662A9C1E2F}.Debug|ARM64.ActiveCfg = Debug|ARM64
		{5A0393FD-407E-4277-A7DE-ED662A9C1E2F}.Debug|ARM64.Build.0 = Debug|ARM64
		{5A0393FD-407E-4277-A7DE-ED662A9C1E2F}.Debug|ARM64.Deploy.0 = Debug|ARM64
		{5A0393FD-407E-4277-A7DE-ED662A9C1E2F}.Debug|x64.ActiveCfg = Debug|Any CPU
		{5A0393FD-407E-4277-A7DE-ED662A9C1E2F}.Debug|x64.Build.0 = Debug|Any CPU
		{5A0393FD-407E-4277-A7DE-ED662A9C1E2F}.Debug|x64.Deploy.0 = Debug|Any CPU
		{5A0393FD-407E-4277-A7DE-ED662A9C1E2F}.Debug|x86.ActiveCfg = Debug|Any CPU
		{5A0393FD-407E-4277-A7DE-ED662A9C1E2F}.Debug|x86.Build.0 = Debug|Any CPU
		{5A0393FD-407E-4277-A7DE-ED662A9C1E2F}.Release|Any CPU.ActiveCfg = Release|Any CPU
		{5A0393FD-407E-4277-A7DE-ED662A9C1E2F}.Release|Any CPU.Build.0 = Release|Any CPU
		{5A0393FD-407E-4277-A7DE-ED662A9C1E2F}.Release|Any CPU.Deploy.0 = Release|Any CPU
		{5A0393FD-407E-4277-A7DE-ED662A9C1E2F}.Release|ARM64.ActiveCfg = Release|ARM64
		{5A0393FD-407E-4277-A7DE-ED662A9C1E2F}.Release|ARM64.Build.0 = Release|ARM64
		{5A0393FD-407E-4277-A7DE-ED662A9C1E2F}.Release|ARM64.Deploy.0 = Release|ARM64
		{5A0393FD-407E-4277-A7DE-ED662A9C1E2F}.Release|x64.ActiveCfg = Release|Any CPU
		{5A0393FD-407E-4277-A7DE-ED662A9C1E2F}.Release|x64.Build.0 = Release|Any CPU
		{5A0393FD-407E-4277-A7DE-ED662A9C1E2F}.Release|x64.Deploy.0 = Release|Any CPU
		{5A0393FD-407E-4277-A7DE-ED662A9C1E2F}.Release|x86.ActiveCfg = Release|Any CPU
		{5A0393FD-407E-4277-A7DE-ED662A9C1E2F}.Release|x86.Build.0 = Release|Any CPU
		{25A4A63E-9BDE-4912-ACE0-852FCE6B507F}.Debug|Any CPU.ActiveCfg = Debug|Any CPU
		{25A4A63E-9BDE-4912-ACE0-852FCE6B507F}.Debug|Any CPU.Build.0 = Debug|Any CPU
		{25A4A63E-9BDE-4912-ACE0-852FCE6B507F}.Debug|ARM64.ActiveCfg = Debug|ARM64
		{25A4A63E-9BDE-4912-ACE0-852FCE6B507F}.Debug|ARM64.Build.0 = Debug|ARM64
		{25A4A63E-9BDE-4912-ACE0-852FCE6B507F}.Debug|x64.ActiveCfg = Debug|Any CPU
		{25A4A63E-9BDE-4912-ACE0-852FCE6B507F}.Debug|x64.Build.0 = Debug|Any CPU
		{25A4A63E-9BDE-4912-ACE0-852FCE6B507F}.Debug|x86.ActiveCfg = Debug|Any CPU
		{25A4A63E-9BDE-4912-ACE0-852FCE6B507F}.Debug|x86.Build.0 = Debug|Any CPU
		{25A4A63E-9BDE-4912-ACE0-852FCE6B507F}.Release|Any CPU.ActiveCfg = Release|Any CPU
		{25A4A63E-9BDE-4912-ACE0-852FCE6B507F}.Release|Any CPU.Build.0 = Release|Any CPU
		{25A4A63E-9BDE-4912-ACE0-852FCE6B507F}.Release|ARM64.ActiveCfg = Release|ARM64
		{25A4A63E-9BDE-4912-ACE0-852FCE6B507F}.Release|ARM64.Build.0 = Release|ARM64
		{25A4A63E-9BDE-4912-ACE0-852FCE6B507F}.Release|x64.ActiveCfg = Release|Any CPU
		{25A4A63E-9BDE-4912-ACE0-852FCE6B507F}.Release|x64.Build.0 = Release|Any CPU
		{25A4A63E-9BDE-4912-ACE0-852FCE6B507F}.Release|x86.ActiveCfg = Release|Any CPU
		{25A4A63E-9BDE-4912-ACE0-852FCE6B507F}.Release|x86.Build.0 = Release|Any CPU
	EndGlobalSection
	GlobalSection(SolutionProperties) = preSolution
		HideSolutionNode = FALSE
	EndGlobalSection
	GlobalSection(ExtensibilityGlobals) = postSolution
		SolutionGuid = {070AF7DD-26E8-48F5-95F2-C9DA82DA1891}
	EndGlobalSection
EndGlobal
