
Microsoft Visual Studio Solution File, Format Version 12.00
# Visual Studio Version 17
VisualStudioVersion = 17.8.34219.65
MinimumVisualStudioVersion = 10.0.40219.1
Project("{9A19103F-16F7-4668-BE54-9A1E7A4F7556}") = "ChronoWiz", "ChronoWiz\ChronoWiz.csproj", "{5A0393FD-407E-4277-A7DE-ED662A9C1E2F}"
EndProject
Project("{2150E333-8FDC-42A3-9474-1A3956D46DE8}") = "MajorMinorBuildRevisionNumbersXmlFile", "MajorMinorBuildRevisionNumbersXmlFile", "{E2AAD83C-0938-443B-9D69-C1172C9236B0}"
	ProjectSection(SolutionItems) = preProject
		MajorMinorBuildRevisionNumbers.xml = MajorMinorBuildRevisionNumbers.xml
	EndProjectSection
EndProject
Global
	GlobalSection(SolutionConfigurationPlatforms) = preSolution
		Debug|Any CPU = Debug|Any CPU
		Debug|x64 = Debug|x64
		Release|Any CPU = Release|Any CPU
		Release|x64 = Release|x64
	EndGlobalSection
	GlobalSection(ProjectConfigurationPlatforms) = postSolution
		{5A0393FD-407E-4277-A7DE-ED662A9C1E2F}.Debug|Any CPU.ActiveCfg = Debug|Any CPU
		{5A0393FD-407E-4277-A7DE-ED662A9C1E2F}.Debug|Any CPU.Build.0 = Debug|Any CPU
		{5A0393FD-407E-4277-A7DE-ED662A9C1E2F}.Debug|Any CPU.Deploy.0 = Debug|Any CPU
		{5A0393FD-407E-4277-A7DE-ED662A9C1E2F}.Debug|x64.ActiveCfg = Debug|x64
		{5A0393FD-407E-4277-A7DE-ED662A9C1E2F}.Debug|x64.Build.0 = Debug|x64
		{5A0393FD-407E-4277-A7DE-ED662A9C1E2F}.Debug|x64.Deploy.0 = Debug|x64
		{5A0393FD-407E-4277-A7DE-ED662A9C1E2F}.Release|Any CPU.ActiveCfg = Release|Any CPU
		{5A0393FD-407E-4277-A7DE-ED662A9C1E2F}.Release|Any CPU.Build.0 = Release|Any CPU
		{5A0393FD-407E-4277-A7DE-ED662A9C1E2F}.Release|Any CPU.Deploy.0 = Release|Any CPU
		{5A0393FD-407E-4277-A7DE-ED662A9C1E2F}.Release|x64.ActiveCfg = Release|Any CPU
		{5A0393FD-407E-4277-A7DE-ED662A9C1E2F}.Release|x64.Build.0 = Release|Any CPU
		{5A0393FD-407E-4277-A7DE-ED662A9C1E2F}.Release|x64.Deploy.0 = Release|Any CPU
	EndGlobalSection
	GlobalSection(SolutionProperties) = preSolution
		HideSolutionNode = FALSE
	EndGlobalSection
	GlobalSection(ExtensibilityGlobals) = postSolution
		SolutionGuid = {070AF7DD-26E8-48F5-95F2-C9DA82DA1891}
	EndGlobalSection
EndGlobal
