
Microsoft Visual Studio Solution File, Format Version 12.00
# Visual Studio Version 17
VisualStudioVersion = 17.8.34219.65
MinimumVisualStudioVersion = 10.0.40219.1
Project("{9A19103F-16F7-4668-BE54-9A1E7A4F7556}") = "DateAndTimeCalculator", "DateAndTimeCalculator\DateAndTimeCalculator.csproj", "{77D0CB7F-2CE3-4873-81BB-8FE21FB4F2AE}"
EndProject
Global
	GlobalSection(SolutionConfigurationPlatforms) = preSolution
		Debug|Any CPU = Debug|Any CPU
		Release|Any CPU = Release|Any CPU
	EndGlobalSection
	GlobalSection(ProjectConfigurationPlatforms) = postSolution
		{77D0CB7F-2CE3-4873-81BB-8FE21FB4F2AE}.Debug|Any CPU.ActiveCfg = Debug|Any CPU
		{77D0CB7F-2CE3-4873-81BB-8FE21FB4F2AE}.Debug|Any CPU.Build.0 = Debug|Any CPU
		{77D0CB7F-2CE3-4873-81BB-8FE21FB4F2AE}.Debug|Any CPU.Deploy.0 = Debug|Any CPU
		{77D0CB7F-2CE3-4873-81BB-8FE21FB4F2AE}.Release|Any CPU.ActiveCfg = Release|Any CPU
		{77D0CB7F-2CE3-4873-81BB-8FE21FB4F2AE}.Release|Any CPU.Build.0 = Release|Any CPU
		{77D0CB7F-2CE3-4873-81BB-8FE21FB4F2AE}.Release|Any CPU.Deploy.0 = Release|Any CPU
	EndGlobalSection
	GlobalSection(SolutionProperties) = preSolution
		HideSolutionNode = FALSE
	EndGlobalSection
	GlobalSection(ExtensibilityGlobals) = postSolution
		SolutionGuid = {070AF7DD-26E8-48F5-95F2-C9DA82DA1891}
	EndGlobalSection
EndGlobal
