
Microsoft Visual Studio Solution File, Format Version 12.00
# Visual Studio Version 17
VisualStudioVersion = 17.0.31612.314
MinimumVisualStudioVersion = 10.0.40219.1
Project("{2150E333-8FDC-42A3-9474-1A3956D46DE8}") = "old_Stuff", "old_Stuff", "{B067A103-8C93-4EA9-AD2D-1A3E6DFC7F68}"
EndProject
Project("{9A19103F-16F7-4668-BE54-9A1E7A4F7556}") = "try_TimeCalculator", "try_TimeCalculator\try_TimeCalculator.csproj", "{5287E61C-EB2B-4D41-A1D7-0B35BA494B2B}"
EndProject
Project("{9A19103F-16F7-4668-BE54-9A1E7A4F7556}") = "Save_TimeCalculator", "Save_TimeCalculator\Save_TimeCalculator.csproj", "{5F9B6BC1-B0DB-4AC3-8771-468C53FFD9F9}"
EndProject
Project("{9A19103F-16F7-4668-BE54-9A1E7A4F7556}") = "TimeCalculator", "TimeCalculator\TimeCalculator.csproj", "{58BDE731-C332-4F08-A692-144C96818F75}"
EndProject
Project("{2150E333-8FDC-42A3-9474-1A3956D46DE8}") = "xamarin", "xamarin", "{865830E0-4915-44B4-A200-A41074147DE0}"
EndProject
Project("{2150E333-8FDC-42A3-9474-1A3956D46DE8}") = "MAUI", "MAUI", "{8A4EC3DC-DF67-47EA-A55D-104521ABC2A1}"
EndProject
Project("{9A19103F-16F7-4668-BE54-9A1E7A4F7556}") = "TimeDateCalculatorDll", "TimeDateCalculator\TimeDateCalculator\TimeDateCalculatorDll.csproj", "{BAA9B1DD-F7B9-4F1B-9539-89DD1A36C485}"
EndProject
Project("{FAE04EC0-301F-11D3-BF4B-00C04F79EFBC}") = "TimeDateCalculator.Android", "TimeDateCalculator\TimeDateCalculator.Android\TimeDateCalculator.Android.csproj", "{6954F256-32A5-4DFA-9A31-ADF410C02129}"
EndProject
Project("{FAE04EC0-301F-11D3-BF4B-00C04F79EFBC}") = "TimeDateCalculator.gtk", "TimeDateCalculator\TimeDateCalculator.gtk\TimeDateCalculator.gtk.csproj", "{08059BBF-9A77-4F71-9549-37AA9C30FCF5}"
EndProject
Project("{FAE04EC0-301F-11D3-BF4B-00C04F79EFBC}") = "TimeDateCalculator.iOS", "TimeDateCalculator\TimeDateCalculator.iOS\TimeDateCalculator.iOS.csproj", "{0A0A2B0F-8985-4638-84E4-B6376F0BC5C4}"
EndProject
Project("{FAE04EC0-301F-11D3-BF4B-00C04F79EFBC}") = "TimeDateCalculator.macOS", "TimeDateCalculator\TimeDateCalculator.macOS\TimeDateCalculator.macOS.csproj", "{5D03D8FF-F02A-4391-B362-84630BFE983F}"
EndProject
Project("{9A19103F-16F7-4668-BE54-9A1E7A4F7556}") = "TimeDateCalculator.tizen", "TimeDateCalculator\TimeDateCalculator.tizen\TimeDateCalculator.tizen\TimeDateCalculator.tizen.csproj", "{8D54F50D-B12F-4CBE-9C7B-A41088CB820B}"
EndProject
Project("{9A19103F-16F7-4668-BE54-9A1E7A4F7556}") = "TimeDateCalculator.tizen.Tizen.TV", "TimeDateCalculator\TimeDateCalculator.tizen\TimeDateCalculator.tizen.Tizen.TV\TimeDateCalculator.tizen.Tizen.TV.csproj", "{4D9196BB-DB34-4B04-95EA-3C42B9D23802}"
EndProject
Project("{FAE04EC0-301F-11D3-BF4B-00C04F79EFBC}") = "TimeDateCalculator.UWP", "TimeDateCalculator\TimeDateCalculator.UWP\TimeDateCalculator.UWP.csproj", "{BC2D7C7D-FC5A-4583-9670-6C9762F54DC6}"
EndProject
Project("{9A19103F-16F7-4668-BE54-9A1E7A4F7556}") = "TimeDateCalculatorDllCore", "TimeDateCalculator\TimeDateCalculatorDllCore\TimeDateCalculatorDllCore.csproj", "{FAC7EEE5-C505-4BD0-ABC9-F30DFC01079D}"
EndProject
Global
	GlobalSection(SolutionConfigurationPlatforms) = preSolution
		Ad-Hoc|Any CPU = Ad-Hoc|Any CPU
		Ad-Hoc|ARM = Ad-Hoc|ARM
		Ad-Hoc|iPhone = Ad-Hoc|iPhone
		Ad-Hoc|iPhoneSimulator = Ad-Hoc|iPhoneSimulator
		Ad-Hoc|x64 = Ad-Hoc|x64
		Ad-Hoc|x86 = Ad-Hoc|x86
		AppStore|Any CPU = AppStore|Any CPU
		AppStore|ARM = AppStore|ARM
		AppStore|iPhone = AppStore|iPhone
		AppStore|iPhoneSimulator = AppStore|iPhoneSimulator
		AppStore|x64 = AppStore|x64
		AppStore|x86 = AppStore|x86
		Debug|Any CPU = Debug|Any CPU
		Debug|ARM = Debug|ARM
		Debug|iPhone = Debug|iPhone
		Debug|iPhoneSimulator = Debug|iPhoneSimulator
		Debug|x64 = Debug|x64
		Debug|x86 = Debug|x86
		Release|Any CPU = Release|Any CPU
		Release|ARM = Release|ARM
		Release|iPhone = Release|iPhone
		Release|iPhoneSimulator = Release|iPhoneSimulator
		Release|x64 = Release|x64
		Release|x86 = Release|x86
	EndGlobalSection
	GlobalSection(ProjectConfigurationPlatforms) = postSolution
		{5287E61C-EB2B-4D41-A1D7-0B35BA494B2B}.Ad-Hoc|Any CPU.ActiveCfg = Release|Any CPU
		{5287E61C-EB2B-4D41-A1D7-0B35BA494B2B}.Ad-Hoc|Any CPU.Build.0 = Release|Any CPU
		{5287E61C-EB2B-4D41-A1D7-0B35BA494B2B}.Ad-Hoc|ARM.ActiveCfg = Release|Any CPU
		{5287E61C-EB2B-4D41-A1D7-0B35BA494B2B}.Ad-Hoc|ARM.Build.0 = Release|Any CPU
		{5287E61C-EB2B-4D41-A1D7-0B35BA494B2B}.Ad-Hoc|iPhone.ActiveCfg = Release|Any CPU
		{5287E61C-EB2B-4D41-A1D7-0B35BA494B2B}.Ad-Hoc|iPhone.Build.0 = Release|Any CPU
		{5287E61C-EB2B-4D41-A1D7-0B35BA494B2B}.Ad-Hoc|iPhoneSimulator.ActiveCfg = Release|Any CPU
		{5287E61C-EB2B-4D41-A1D7-0B35BA494B2B}.Ad-Hoc|iPhoneSimulator.Build.0 = Release|Any CPU
		{5287E61C-EB2B-4D41-A1D7-0B35BA494B2B}.Ad-Hoc|x64.ActiveCfg = Release|Any CPU
		{5287E61C-EB2B-4D41-A1D7-0B35BA494B2B}.Ad-Hoc|x64.Build.0 = Release|Any CPU
		{5287E61C-EB2B-4D41-A1D7-0B35BA494B2B}.Ad-Hoc|x86.ActiveCfg = Release|Any CPU
		{5287E61C-EB2B-4D41-A1D7-0B35BA494B2B}.Ad-Hoc|x86.Build.0 = Release|Any CPU
		{5287E61C-EB2B-4D41-A1D7-0B35BA494B2B}.AppStore|Any CPU.ActiveCfg = Release|Any CPU
		{5287E61C-EB2B-4D41-A1D7-0B35BA494B2B}.AppStore|Any CPU.Build.0 = Release|Any CPU
		{5287E61C-EB2B-4D41-A1D7-0B35BA494B2B}.AppStore|ARM.ActiveCfg = Release|Any CPU
		{5287E61C-EB2B-4D41-A1D7-0B35BA494B2B}.AppStore|ARM.Build.0 = Release|Any CPU
		{5287E61C-EB2B-4D41-A1D7-0B35BA494B2B}.AppStore|iPhone.ActiveCfg = Release|Any CPU
		{5287E61C-EB2B-4D41-A1D7-0B35BA494B2B}.AppStore|iPhone.Build.0 = Release|Any CPU
		{5287E61C-EB2B-4D41-A1D7-0B35BA494B2B}.AppStore|iPhoneSimulator.ActiveCfg = Release|Any CPU
		{5287E61C-EB2B-4D41-A1D7-0B35BA494B2B}.AppStore|iPhoneSimulator.Build.0 = Release|Any CPU
		{5287E61C-EB2B-4D41-A1D7-0B35BA494B2B}.AppStore|x64.ActiveCfg = Release|Any CPU
		{5287E61C-EB2B-4D41-A1D7-0B35BA494B2B}.AppStore|x64.Build.0 = Release|Any CPU
		{5287E61C-EB2B-4D41-A1D7-0B35BA494B2B}.AppStore|x86.ActiveCfg = Release|Any CPU
		{5287E61C-EB2B-4D41-A1D7-0B35BA494B2B}.AppStore|x86.Build.0 = Release|Any CPU
		{5287E61C-EB2B-4D41-A1D7-0B35BA494B2B}.Debug|Any CPU.ActiveCfg = Debug|Any CPU
		{5287E61C-EB2B-4D41-A1D7-0B35BA494B2B}.Debug|Any CPU.Build.0 = Debug|Any CPU
		{5287E61C-EB2B-4D41-A1D7-0B35BA494B2B}.Debug|ARM.ActiveCfg = Debug|Any CPU
		{5287E61C-EB2B-4D41-A1D7-0B35BA494B2B}.Debug|ARM.Build.0 = Debug|Any CPU
		{5287E61C-EB2B-4D41-A1D7-0B35BA494B2B}.Debug|iPhone.ActiveCfg = Debug|Any CPU
		{5287E61C-EB2B-4D41-A1D7-0B35BA494B2B}.Debug|iPhone.Build.0 = Debug|Any CPU
		{5287E61C-EB2B-4D41-A1D7-0B35BA494B2B}.Debug|iPhoneSimulator.ActiveCfg = Debug|Any CPU
		{5287E61C-EB2B-4D41-A1D7-0B35BA494B2B}.Debug|iPhoneSimulator.Build.0 = Debug|Any CPU
		{5287E61C-EB2B-4D41-A1D7-0B35BA494B2B}.Debug|x64.ActiveCfg = Debug|Any CPU
		{5287E61C-EB2B-4D41-A1D7-0B35BA494B2B}.Debug|x64.Build.0 = Debug|Any CPU
		{5287E61C-EB2B-4D41-A1D7-0B35BA494B2B}.Debug|x86.ActiveCfg = Debug|Any CPU
		{5287E61C-EB2B-4D41-A1D7-0B35BA494B2B}.Debug|x86.Build.0 = Debug|Any CPU
		{5287E61C-EB2B-4D41-A1D7-0B35BA494B2B}.Release|Any CPU.ActiveCfg = Release|Any CPU
		{5287E61C-EB2B-4D41-A1D7-0B35BA494B2B}.Release|Any CPU.Build.0 = Release|Any CPU
		{5287E61C-EB2B-4D41-A1D7-0B35BA494B2B}.Release|ARM.ActiveCfg = Release|Any CPU
		{5287E61C-EB2B-4D41-A1D7-0B35BA494B2B}.Release|ARM.Build.0 = Release|Any CPU
		{5287E61C-EB2B-4D41-A1D7-0B35BA494B2B}.Release|iPhone.ActiveCfg = Release|Any CPU
		{5287E61C-EB2B-4D41-A1D7-0B35BA494B2B}.Release|iPhone.Build.0 = Release|Any CPU
		{5287E61C-EB2B-4D41-A1D7-0B35BA494B2B}.Release|iPhoneSimulator.ActiveCfg = Release|Any CPU
		{5287E61C-EB2B-4D41-A1D7-0B35BA494B2B}.Release|iPhoneSimulator.Build.0 = Release|Any CPU
		{5287E61C-EB2B-4D41-A1D7-0B35BA494B2B}.Release|x64.ActiveCfg = Release|Any CPU
		{5287E61C-EB2B-4D41-A1D7-0B35BA494B2B}.Release|x64.Build.0 = Release|Any CPU
		{5287E61C-EB2B-4D41-A1D7-0B35BA494B2B}.Release|x86.ActiveCfg = Release|Any CPU
		{5287E61C-EB2B-4D41-A1D7-0B35BA494B2B}.Release|x86.Build.0 = Release|Any CPU
		{5F9B6BC1-B0DB-4AC3-8771-468C53FFD9F9}.Ad-Hoc|Any CPU.ActiveCfg = Release|Any CPU
		{5F9B6BC1-B0DB-4AC3-8771-468C53FFD9F9}.Ad-Hoc|Any CPU.Build.0 = Release|Any CPU
		{5F9B6BC1-B0DB-4AC3-8771-468C53FFD9F9}.Ad-Hoc|Any CPU.Deploy.0 = Release|Any CPU
		{5F9B6BC1-B0DB-4AC3-8771-468C53FFD9F9}.Ad-Hoc|ARM.ActiveCfg = Release|Any CPU
		{5F9B6BC1-B0DB-4AC3-8771-468C53FFD9F9}.Ad-Hoc|ARM.Build.0 = Release|Any CPU
		{5F9B6BC1-B0DB-4AC3-8771-468C53FFD9F9}.Ad-Hoc|ARM.Deploy.0 = Release|Any CPU
		{5F9B6BC1-B0DB-4AC3-8771-468C53FFD9F9}.Ad-Hoc|iPhone.ActiveCfg = Release|Any CPU
		{5F9B6BC1-B0DB-4AC3-8771-468C53FFD9F9}.Ad-Hoc|iPhone.Build.0 = Release|Any CPU
		{5F9B6BC1-B0DB-4AC3-8771-468C53FFD9F9}.Ad-Hoc|iPhone.Deploy.0 = Release|Any CPU
		{5F9B6BC1-B0DB-4AC3-8771-468C53FFD9F9}.Ad-Hoc|iPhoneSimulator.ActiveCfg = Release|Any CPU
		{5F9B6BC1-B0DB-4AC3-8771-468C53FFD9F9}.Ad-Hoc|iPhoneSimulator.Build.0 = Release|Any CPU
		{5F9B6BC1-B0DB-4AC3-8771-468C53FFD9F9}.Ad-Hoc|iPhoneSimulator.Deploy.0 = Release|Any CPU
		{5F9B6BC1-B0DB-4AC3-8771-468C53FFD9F9}.Ad-Hoc|x64.ActiveCfg = Release|Any CPU
		{5F9B6BC1-B0DB-4AC3-8771-468C53FFD9F9}.Ad-Hoc|x64.Build.0 = Release|Any CPU
		{5F9B6BC1-B0DB-4AC3-8771-468C53FFD9F9}.Ad-Hoc|x64.Deploy.0 = Release|Any CPU
		{5F9B6BC1-B0DB-4AC3-8771-468C53FFD9F9}.Ad-Hoc|x86.ActiveCfg = Release|Any CPU
		{5F9B6BC1-B0DB-4AC3-8771-468C53FFD9F9}.Ad-Hoc|x86.Build.0 = Release|Any CPU
		{5F9B6BC1-B0DB-4AC3-8771-468C53FFD9F9}.Ad-Hoc|x86.Deploy.0 = Release|Any CPU
		{5F9B6BC1-B0DB-4AC3-8771-468C53FFD9F9}.AppStore|Any CPU.ActiveCfg = Release|Any CPU
		{5F9B6BC1-B0DB-4AC3-8771-468C53FFD9F9}.AppStore|Any CPU.Build.0 = Release|Any CPU
		{5F9B6BC1-B0DB-4AC3-8771-468C53FFD9F9}.AppStore|Any CPU.Deploy.0 = Release|Any CPU
		{5F9B6BC1-B0DB-4AC3-8771-468C53FFD9F9}.AppStore|ARM.ActiveCfg = Release|Any CPU
		{5F9B6BC1-B0DB-4AC3-8771-468C53FFD9F9}.AppStore|ARM.Build.0 = Release|Any CPU
		{5F9B6BC1-B0DB-4AC3-8771-468C53FFD9F9}.AppStore|ARM.Deploy.0 = Release|Any CPU
		{5F9B6BC1-B0DB-4AC3-8771-468C53FFD9F9}.AppStore|iPhone.ActiveCfg = Release|Any CPU
		{5F9B6BC1-B0DB-4AC3-8771-468C53FFD9F9}.AppStore|iPhone.Build.0 = Release|Any CPU
		{5F9B6BC1-B0DB-4AC3-8771-468C53FFD9F9}.AppStore|iPhone.Deploy.0 = Release|Any CPU
		{5F9B6BC1-B0DB-4AC3-8771-468C53FFD9F9}.AppStore|iPhoneSimulator.ActiveCfg = Release|Any CPU
		{5F9B6BC1-B0DB-4AC3-8771-468C53FFD9F9}.AppStore|iPhoneSimulator.Build.0 = Release|Any CPU
		{5F9B6BC1-B0DB-4AC3-8771-468C53FFD9F9}.AppStore|iPhoneSimulator.Deploy.0 = Release|Any CPU
		{5F9B6BC1-B0DB-4AC3-8771-468C53FFD9F9}.AppStore|x64.ActiveCfg = Release|Any CPU
		{5F9B6BC1-B0DB-4AC3-8771-468C53FFD9F9}.AppStore|x64.Build.0 = Release|Any CPU
		{5F9B6BC1-B0DB-4AC3-8771-468C53FFD9F9}.AppStore|x64.Deploy.0 = Release|Any CPU
		{5F9B6BC1-B0DB-4AC3-8771-468C53FFD9F9}.AppStore|x86.ActiveCfg = Release|Any CPU
		{5F9B6BC1-B0DB-4AC3-8771-468C53FFD9F9}.AppStore|x86.Build.0 = Release|Any CPU
		{5F9B6BC1-B0DB-4AC3-8771-468C53FFD9F9}.AppStore|x86.Deploy.0 = Release|Any CPU
		{5F9B6BC1-B0DB-4AC3-8771-468C53FFD9F9}.Debug|Any CPU.ActiveCfg = Debug|Any CPU
		{5F9B6BC1-B0DB-4AC3-8771-468C53FFD9F9}.Debug|Any CPU.Build.0 = Debug|Any CPU
		{5F9B6BC1-B0DB-4AC3-8771-468C53FFD9F9}.Debug|Any CPU.Deploy.0 = Debug|Any CPU
		{5F9B6BC1-B0DB-4AC3-8771-468C53FFD9F9}.Debug|ARM.ActiveCfg = Debug|Any CPU
		{5F9B6BC1-B0DB-4AC3-8771-468C53FFD9F9}.Debug|ARM.Build.0 = Debug|Any CPU
		{5F9B6BC1-B0DB-4AC3-8771-468C53FFD9F9}.Debug|ARM.Deploy.0 = Debug|Any CPU
		{5F9B6BC1-B0DB-4AC3-8771-468C53FFD9F9}.Debug|iPhone.ActiveCfg = Debug|Any CPU
		{5F9B6BC1-B0DB-4AC3-8771-468C53FFD9F9}.Debug|iPhone.Build.0 = Debug|Any CPU
		{5F9B6BC1-B0DB-4AC3-8771-468C53FFD9F9}.Debug|iPhone.Deploy.0 = Debug|Any CPU
		{5F9B6BC1-B0DB-4AC3-8771-468C53FFD9F9}.Debug|iPhoneSimulator.ActiveCfg = Debug|Any CPU
		{5F9B6BC1-B0DB-4AC3-8771-468C53FFD9F9}.Debug|iPhoneSimulator.Build.0 = Debug|Any CPU
		{5F9B6BC1-B0DB-4AC3-8771-468C53FFD9F9}.Debug|iPhoneSimulator.Deploy.0 = Debug|Any CPU
		{5F9B6BC1-B0DB-4AC3-8771-468C53FFD9F9}.Debug|x64.ActiveCfg = Debug|Any CPU
		{5F9B6BC1-B0DB-4AC3-8771-468C53FFD9F9}.Debug|x64.Build.0 = Debug|Any CPU
		{5F9B6BC1-B0DB-4AC3-8771-468C53FFD9F9}.Debug|x64.Deploy.0 = Debug|Any CPU
		{5F9B6BC1-B0DB-4AC3-8771-468C53FFD9F9}.Debug|x86.ActiveCfg = Debug|Any CPU
		{5F9B6BC1-B0DB-4AC3-8771-468C53FFD9F9}.Debug|x86.Build.0 = Debug|Any CPU
		{5F9B6BC1-B0DB-4AC3-8771-468C53FFD9F9}.Debug|x86.Deploy.0 = Debug|Any CPU
		{5F9B6BC1-B0DB-4AC3-8771-468C53FFD9F9}.Release|Any CPU.ActiveCfg = Release|Any CPU
		{5F9B6BC1-B0DB-4AC3-8771-468C53FFD9F9}.Release|Any CPU.Build.0 = Release|Any CPU
		{5F9B6BC1-B0DB-4AC3-8771-468C53FFD9F9}.Release|Any CPU.Deploy.0 = Release|Any CPU
		{5F9B6BC1-B0DB-4AC3-8771-468C53FFD9F9}.Release|ARM.ActiveCfg = Release|Any CPU
		{5F9B6BC1-B0DB-4AC3-8771-468C53FFD9F9}.Release|ARM.Build.0 = Release|Any CPU
		{5F9B6BC1-B0DB-4AC3-8771-468C53FFD9F9}.Release|ARM.Deploy.0 = Release|Any CPU
		{5F9B6BC1-B0DB-4AC3-8771-468C53FFD9F9}.Release|iPhone.ActiveCfg = Release|Any CPU
		{5F9B6BC1-B0DB-4AC3-8771-468C53FFD9F9}.Release|iPhone.Build.0 = Release|Any CPU
		{5F9B6BC1-B0DB-4AC3-8771-468C53FFD9F9}.Release|iPhone.Deploy.0 = Release|Any CPU
		{5F9B6BC1-B0DB-4AC3-8771-468C53FFD9F9}.Release|iPhoneSimulator.ActiveCfg = Release|Any CPU
		{5F9B6BC1-B0DB-4AC3-8771-468C53FFD9F9}.Release|iPhoneSimulator.Build.0 = Release|Any CPU
		{5F9B6BC1-B0DB-4AC3-8771-468C53FFD9F9}.Release|iPhoneSimulator.Deploy.0 = Release|Any CPU
		{5F9B6BC1-B0DB-4AC3-8771-468C53FFD9F9}.Release|x64.ActiveCfg = Release|Any CPU
		{5F9B6BC1-B0DB-4AC3-8771-468C53FFD9F9}.Release|x64.Build.0 = Release|Any CPU
		{5F9B6BC1-B0DB-4AC3-8771-468C53FFD9F9}.Release|x64.Deploy.0 = Release|Any CPU
		{5F9B6BC1-B0DB-4AC3-8771-468C53FFD9F9}.Release|x86.ActiveCfg = Release|Any CPU
		{5F9B6BC1-B0DB-4AC3-8771-468C53FFD9F9}.Release|x86.Build.0 = Release|Any CPU
		{5F9B6BC1-B0DB-4AC3-8771-468C53FFD9F9}.Release|x86.Deploy.0 = Release|Any CPU
		{58BDE731-C332-4F08-A692-144C96818F75}.Ad-Hoc|Any CPU.ActiveCfg = Release|Any CPU
		{58BDE731-C332-4F08-A692-144C96818F75}.Ad-Hoc|Any CPU.Build.0 = Release|Any CPU
		{58BDE731-C332-4F08-A692-144C96818F75}.Ad-Hoc|Any CPU.Deploy.0 = Release|Any CPU
		{58BDE731-C332-4F08-A692-144C96818F75}.Ad-Hoc|ARM.ActiveCfg = Release|Any CPU
		{58BDE731-C332-4F08-A692-144C96818F75}.Ad-Hoc|ARM.Build.0 = Release|Any CPU
		{58BDE731-C332-4F08-A692-144C96818F75}.Ad-Hoc|ARM.Deploy.0 = Release|Any CPU
		{58BDE731-C332-4F08-A692-144C96818F75}.Ad-Hoc|iPhone.ActiveCfg = Release|Any CPU
		{58BDE731-C332-4F08-A692-144C96818F75}.Ad-Hoc|iPhone.Build.0 = Release|Any CPU
		{58BDE731-C332-4F08-A692-144C96818F75}.Ad-Hoc|iPhone.Deploy.0 = Release|Any CPU
		{58BDE731-C332-4F08-A692-144C96818F75}.Ad-Hoc|iPhoneSimulator.ActiveCfg = Release|Any CPU
		{58BDE731-C332-4F08-A692-144C96818F75}.Ad-Hoc|iPhoneSimulator.Build.0 = Release|Any CPU
		{58BDE731-C332-4F08-A692-144C96818F75}.Ad-Hoc|iPhoneSimulator.Deploy.0 = Release|Any CPU
		{58BDE731-C332-4F08-A692-144C96818F75}.Ad-Hoc|x64.ActiveCfg = Release|Any CPU
		{58BDE731-C332-4F08-A692-144C96818F75}.Ad-Hoc|x64.Build.0 = Release|Any CPU
		{58BDE731-C332-4F08-A692-144C96818F75}.Ad-Hoc|x64.Deploy.0 = Release|Any CPU
		{58BDE731-C332-4F08-A692-144C96818F75}.Ad-Hoc|x86.ActiveCfg = Release|Any CPU
		{58BDE731-C332-4F08-A692-144C96818F75}.Ad-Hoc|x86.Build.0 = Release|Any CPU
		{58BDE731-C332-4F08-A692-144C96818F75}.Ad-Hoc|x86.Deploy.0 = Release|Any CPU
		{58BDE731-C332-4F08-A692-144C96818F75}.AppStore|Any CPU.ActiveCfg = Release|Any CPU
		{58BDE731-C332-4F08-A692-144C96818F75}.AppStore|Any CPU.Build.0 = Release|Any CPU
		{58BDE731-C332-4F08-A692-144C96818F75}.AppStore|Any CPU.Deploy.0 = Release|Any CPU
		{58BDE731-C332-4F08-A692-144C96818F75}.AppStore|ARM.ActiveCfg = Release|Any CPU
		{58BDE731-C332-4F08-A692-144C96818F75}.AppStore|ARM.Build.0 = Release|Any CPU
		{58BDE731-C332-4F08-A692-144C96818F75}.AppStore|ARM.Deploy.0 = Release|Any CPU
		{58BDE731-C332-4F08-A692-144C96818F75}.AppStore|iPhone.ActiveCfg = Release|Any CPU
		{58BDE731-C332-4F08-A692-144C96818F75}.AppStore|iPhone.Build.0 = Release|Any CPU
		{58BDE731-C332-4F08-A692-144C96818F75}.AppStore|iPhone.Deploy.0 = Release|Any CPU
		{58BDE731-C332-4F08-A692-144C96818F75}.AppStore|iPhoneSimulator.ActiveCfg = Release|Any CPU
		{58BDE731-C332-4F08-A692-144C96818F75}.AppStore|iPhoneSimulator.Build.0 = Release|Any CPU
		{58BDE731-C332-4F08-A692-144C96818F75}.AppStore|iPhoneSimulator.Deploy.0 = Release|Any CPU
		{58BDE731-C332-4F08-A692-144C96818F75}.AppStore|x64.ActiveCfg = Release|Any CPU
		{58BDE731-C332-4F08-A692-144C96818F75}.AppStore|x64.Build.0 = Release|Any CPU
		{58BDE731-C332-4F08-A692-144C96818F75}.AppStore|x64.Deploy.0 = Release|Any CPU
		{58BDE731-C332-4F08-A692-144C96818F75}.AppStore|x86.ActiveCfg = Release|Any CPU
		{58BDE731-C332-4F08-A692-144C96818F75}.AppStore|x86.Build.0 = Release|Any CPU
		{58BDE731-C332-4F08-A692-144C96818F75}.AppStore|x86.Deploy.0 = Release|Any CPU
		{58BDE731-C332-4F08-A692-144C96818F75}.Debug|Any CPU.ActiveCfg = Debug|Any CPU
		{58BDE731-C332-4F08-A692-144C96818F75}.Debug|Any CPU.Build.0 = Debug|Any CPU
		{58BDE731-C332-4F08-A692-144C96818F75}.Debug|Any CPU.Deploy.0 = Debug|Any CPU
		{58BDE731-C332-4F08-A692-144C96818F75}.Debug|ARM.ActiveCfg = Debug|Any CPU
		{58BDE731-C332-4F08-A692-144C96818F75}.Debug|ARM.Build.0 = Debug|Any CPU
		{58BDE731-C332-4F08-A692-144C96818F75}.Debug|ARM.Deploy.0 = Debug|Any CPU
		{58BDE731-C332-4F08-A692-144C96818F75}.Debug|iPhone.ActiveCfg = Debug|Any CPU
		{58BDE731-C332-4F08-A692-144C96818F75}.Debug|iPhone.Build.0 = Debug|Any CPU
		{58BDE731-C332-4F08-A692-144C96818F75}.Debug|iPhone.Deploy.0 = Debug|Any CPU
		{58BDE731-C332-4F08-A692-144C96818F75}.Debug|iPhoneSimulator.ActiveCfg = Debug|Any CPU
		{58BDE731-C332-4F08-A692-144C96818F75}.Debug|iPhoneSimulator.Build.0 = Debug|Any CPU
		{58BDE731-C332-4F08-A692-144C96818F75}.Debug|iPhoneSimulator.Deploy.0 = Debug|Any CPU
		{58BDE731-C332-4F08-A692-144C96818F75}.Debug|x64.ActiveCfg = Debug|Any CPU
		{58BDE731-C332-4F08-A692-144C96818F75}.Debug|x64.Build.0 = Debug|Any CPU
		{58BDE731-C332-4F08-A692-144C96818F75}.Debug|x64.Deploy.0 = Debug|Any CPU
		{58BDE731-C332-4F08-A692-144C96818F75}.Debug|x86.ActiveCfg = Debug|Any CPU
		{58BDE731-C332-4F08-A692-144C96818F75}.Debug|x86.Build.0 = Debug|Any CPU
		{58BDE731-C332-4F08-A692-144C96818F75}.Debug|x86.Deploy.0 = Debug|Any CPU
		{58BDE731-C332-4F08-A692-144C96818F75}.Release|Any CPU.ActiveCfg = Release|Any CPU
		{58BDE731-C332-4F08-A692-144C96818F75}.Release|Any CPU.Build.0 = Release|Any CPU
		{58BDE731-C332-4F08-A692-144C96818F75}.Release|Any CPU.Deploy.0 = Release|Any CPU
		{58BDE731-C332-4F08-A692-144C96818F75}.Release|ARM.ActiveCfg = Release|Any CPU
		{58BDE731-C332-4F08-A692-144C96818F75}.Release|ARM.Build.0 = Release|Any CPU
		{58BDE731-C332-4F08-A692-144C96818F75}.Release|ARM.Deploy.0 = Release|Any CPU
		{58BDE731-C332-4F08-A692-144C96818F75}.Release|iPhone.ActiveCfg = Release|Any CPU
		{58BDE731-C332-4F08-A692-144C96818F75}.Release|iPhone.Build.0 = Release|Any CPU
		{58BDE731-C332-4F08-A692-144C96818F75}.Release|iPhone.Deploy.0 = Release|Any CPU
		{58BDE731-C332-4F08-A692-144C96818F75}.Release|iPhoneSimulator.ActiveCfg = Release|Any CPU
		{58BDE731-C332-4F08-A692-144C96818F75}.Release|iPhoneSimulator.Build.0 = Release|Any CPU
		{58BDE731-C332-4F08-A692-144C96818F75}.Release|iPhoneSimulator.Deploy.0 = Release|Any CPU
		{58BDE731-C332-4F08-A692-144C96818F75}.Release|x64.ActiveCfg = Release|Any CPU
		{58BDE731-C332-4F08-A692-144C96818F75}.Release|x64.Build.0 = Release|Any CPU
		{58BDE731-C332-4F08-A692-144C96818F75}.Release|x64.Deploy.0 = Release|Any CPU
		{58BDE731-C332-4F08-A692-144C96818F75}.Release|x86.ActiveCfg = Release|Any CPU
		{58BDE731-C332-4F08-A692-144C96818F75}.Release|x86.Build.0 = Release|Any CPU
		{58BDE731-C332-4F08-A692-144C96818F75}.Release|x86.Deploy.0 = Release|Any CPU
		{BAA9B1DD-F7B9-4F1B-9539-89DD1A36C485}.Ad-Hoc|Any CPU.ActiveCfg = Release|Any CPU
		{BAA9B1DD-F7B9-4F1B-9539-89DD1A36C485}.Ad-Hoc|Any CPU.Build.0 = Release|Any CPU
		{BAA9B1DD-F7B9-4F1B-9539-89DD1A36C485}.Ad-Hoc|ARM.ActiveCfg = Release|Any CPU
		{BAA9B1DD-F7B9-4F1B-9539-89DD1A36C485}.Ad-Hoc|ARM.Build.0 = Release|Any CPU
		{BAA9B1DD-F7B9-4F1B-9539-89DD1A36C485}.Ad-Hoc|iPhone.ActiveCfg = Release|Any CPU
		{BAA9B1DD-F7B9-4F1B-9539-89DD1A36C485}.Ad-Hoc|iPhone.Build.0 = Release|Any CPU
		{BAA9B1DD-F7B9-4F1B-9539-89DD1A36C485}.Ad-Hoc|iPhoneSimulator.ActiveCfg = Release|Any CPU
		{BAA9B1DD-F7B9-4F1B-9539-89DD1A36C485}.Ad-Hoc|iPhoneSimulator.Build.0 = Release|Any CPU
		{BAA9B1DD-F7B9-4F1B-9539-89DD1A36C485}.Ad-Hoc|x64.ActiveCfg = Release|Any CPU
		{BAA9B1DD-F7B9-4F1B-9539-89DD1A36C485}.Ad-Hoc|x64.Build.0 = Release|Any CPU
		{BAA9B1DD-F7B9-4F1B-9539-89DD1A36C485}.Ad-Hoc|x86.ActiveCfg = Release|Any CPU
		{BAA9B1DD-F7B9-4F1B-9539-89DD1A36C485}.Ad-Hoc|x86.Build.0 = Release|Any CPU
		{BAA9B1DD-F7B9-4F1B-9539-89DD1A36C485}.AppStore|Any CPU.ActiveCfg = Release|Any CPU
		{BAA9B1DD-F7B9-4F1B-9539-89DD1A36C485}.AppStore|Any CPU.Build.0 = Release|Any CPU
		{BAA9B1DD-F7B9-4F1B-9539-89DD1A36C485}.AppStore|ARM.ActiveCfg = Release|Any CPU
		{BAA9B1DD-F7B9-4F1B-9539-89DD1A36C485}.AppStore|ARM.Build.0 = Release|Any CPU
		{BAA9B1DD-F7B9-4F1B-9539-89DD1A36C485}.AppStore|iPhone.ActiveCfg = Release|Any CPU
		{BAA9B1DD-F7B9-4F1B-9539-89DD1A36C485}.AppStore|iPhone.Build.0 = Release|Any CPU
		{BAA9B1DD-F7B9-4F1B-9539-89DD1A36C485}.AppStore|iPhoneSimulator.ActiveCfg = Release|Any CPU
		{BAA9B1DD-F7B9-4F1B-9539-89DD1A36C485}.AppStore|iPhoneSimulator.Build.0 = Release|Any CPU
		{BAA9B1DD-F7B9-4F1B-9539-89DD1A36C485}.AppStore|x64.ActiveCfg = Release|Any CPU
		{BAA9B1DD-F7B9-4F1B-9539-89DD1A36C485}.AppStore|x64.Build.0 = Release|Any CPU
		{BAA9B1DD-F7B9-4F1B-9539-89DD1A36C485}.AppStore|x86.ActiveCfg = Release|Any CPU
		{BAA9B1DD-F7B9-4F1B-9539-89DD1A36C485}.AppStore|x86.Build.0 = Release|Any CPU
		{BAA9B1DD-F7B9-4F1B-9539-89DD1A36C485}.Debug|Any CPU.ActiveCfg = Debug|Any CPU
		{BAA9B1DD-F7B9-4F1B-9539-89DD1A36C485}.Debug|Any CPU.Build.0 = Debug|Any CPU
		{BAA9B1DD-F7B9-4F1B-9539-89DD1A36C485}.Debug|ARM.ActiveCfg = Debug|Any CPU
		{BAA9B1DD-F7B9-4F1B-9539-89DD1A36C485}.Debug|ARM.Build.0 = Debug|Any CPU
		{BAA9B1DD-F7B9-4F1B-9539-89DD1A36C485}.Debug|iPhone.ActiveCfg = Debug|Any CPU
		{BAA9B1DD-F7B9-4F1B-9539-89DD1A36C485}.Debug|iPhone.Build.0 = Debug|Any CPU
		{BAA9B1DD-F7B9-4F1B-9539-89DD1A36C485}.Debug|iPhoneSimulator.ActiveCfg = Debug|Any CPU
		{BAA9B1DD-F7B9-4F1B-9539-89DD1A36C485}.Debug|iPhoneSimulator.Build.0 = Debug|Any CPU
		{BAA9B1DD-F7B9-4F1B-9539-89DD1A36C485}.Debug|x64.ActiveCfg = Debug|Any CPU
		{BAA9B1DD-F7B9-4F1B-9539-89DD1A36C485}.Debug|x64.Build.0 = Debug|Any CPU
		{BAA9B1DD-F7B9-4F1B-9539-89DD1A36C485}.Debug|x86.ActiveCfg = Debug|Any CPU
		{BAA9B1DD-F7B9-4F1B-9539-89DD1A36C485}.Debug|x86.Build.0 = Debug|Any CPU
		{BAA9B1DD-F7B9-4F1B-9539-89DD1A36C485}.Release|Any CPU.ActiveCfg = Release|Any CPU
		{BAA9B1DD-F7B9-4F1B-9539-89DD1A36C485}.Release|Any CPU.Build.0 = Release|Any CPU
		{BAA9B1DD-F7B9-4F1B-9539-89DD1A36C485}.Release|ARM.ActiveCfg = Release|Any CPU
		{BAA9B1DD-F7B9-4F1B-9539-89DD1A36C485}.Release|ARM.Build.0 = Release|Any CPU
		{BAA9B1DD-F7B9-4F1B-9539-89DD1A36C485}.Release|iPhone.ActiveCfg = Release|Any CPU
		{BAA9B1DD-F7B9-4F1B-9539-89DD1A36C485}.Release|iPhone.Build.0 = Release|Any CPU
		{BAA9B1DD-F7B9-4F1B-9539-89DD1A36C485}.Release|iPhoneSimulator.ActiveCfg = Release|Any CPU
		{BAA9B1DD-F7B9-4F1B-9539-89DD1A36C485}.Release|iPhoneSimulator.Build.0 = Release|Any CPU
		{BAA9B1DD-F7B9-4F1B-9539-89DD1A36C485}.Release|x64.ActiveCfg = Release|Any CPU
		{BAA9B1DD-F7B9-4F1B-9539-89DD1A36C485}.Release|x64.Build.0 = Release|Any CPU
		{BAA9B1DD-F7B9-4F1B-9539-89DD1A36C485}.Release|x86.ActiveCfg = Release|Any CPU
		{BAA9B1DD-F7B9-4F1B-9539-89DD1A36C485}.Release|x86.Build.0 = Release|Any CPU
		{6954F256-32A5-4DFA-9A31-ADF410C02129}.Ad-Hoc|Any CPU.ActiveCfg = Debug|Any CPU
		{6954F256-32A5-4DFA-9A31-ADF410C02129}.Ad-Hoc|Any CPU.Build.0 = Debug|Any CPU
		{6954F256-32A5-4DFA-9A31-ADF410C02129}.Ad-Hoc|Any CPU.Deploy.0 = Debug|Any CPU
		{6954F256-32A5-4DFA-9A31-ADF410C02129}.Ad-Hoc|ARM.ActiveCfg = Debug|Any CPU
		{6954F256-32A5-4DFA-9A31-ADF410C02129}.Ad-Hoc|ARM.Build.0 = Debug|Any CPU
		{6954F256-32A5-4DFA-9A31-ADF410C02129}.Ad-Hoc|ARM.Deploy.0 = Debug|Any CPU
		{6954F256-32A5-4DFA-9A31-ADF410C02129}.Ad-Hoc|iPhone.ActiveCfg = Debug|Any CPU
		{6954F256-32A5-4DFA-9A31-ADF410C02129}.Ad-Hoc|iPhone.Build.0 = Debug|Any CPU
		{6954F256-32A5-4DFA-9A31-ADF410C02129}.Ad-Hoc|iPhone.Deploy.0 = Debug|Any CPU
		{6954F256-32A5-4DFA-9A31-ADF410C02129}.Ad-Hoc|iPhoneSimulator.ActiveCfg = Debug|Any CPU
		{6954F256-32A5-4DFA-9A31-ADF410C02129}.Ad-Hoc|iPhoneSimulator.Build.0 = Debug|Any CPU
		{6954F256-32A5-4DFA-9A31-ADF410C02129}.Ad-Hoc|iPhoneSimulator.Deploy.0 = Debug|Any CPU
		{6954F256-32A5-4DFA-9A31-ADF410C02129}.Ad-Hoc|x64.ActiveCfg = Debug|Any CPU
		{6954F256-32A5-4DFA-9A31-ADF410C02129}.Ad-Hoc|x64.Build.0 = Debug|Any CPU
		{6954F256-32A5-4DFA-9A31-ADF410C02129}.Ad-Hoc|x64.Deploy.0 = Debug|Any CPU
		{6954F256-32A5-4DFA-9A31-ADF410C02129}.Ad-Hoc|x86.ActiveCfg = Debug|Any CPU
		{6954F256-32A5-4DFA-9A31-ADF410C02129}.Ad-Hoc|x86.Build.0 = Debug|Any CPU
		{6954F256-32A5-4DFA-9A31-ADF410C02129}.Ad-Hoc|x86.Deploy.0 = Debug|Any CPU
		{6954F256-32A5-4DFA-9A31-ADF410C02129}.AppStore|Any CPU.ActiveCfg = Debug|Any CPU
		{6954F256-32A5-4DFA-9A31-ADF410C02129}.AppStore|Any CPU.Build.0 = Debug|Any CPU
		{6954F256-32A5-4DFA-9A31-ADF410C02129}.AppStore|Any CPU.Deploy.0 = Debug|Any CPU
		{6954F256-32A5-4DFA-9A31-ADF410C02129}.AppStore|ARM.ActiveCfg = Debug|Any CPU
		{6954F256-32A5-4DFA-9A31-ADF410C02129}.AppStore|ARM.Build.0 = Debug|Any CPU
		{6954F256-32A5-4DFA-9A31-ADF410C02129}.AppStore|ARM.Deploy.0 = Debug|Any CPU
		{6954F256-32A5-4DFA-9A31-ADF410C02129}.AppStore|iPhone.ActiveCfg = Debug|Any CPU
		{6954F256-32A5-4DFA-9A31-ADF410C02129}.AppStore|iPhone.Build.0 = Debug|Any CPU
		{6954F256-32A5-4DFA-9A31-ADF410C02129}.AppStore|iPhone.Deploy.0 = Debug|Any CPU
		{6954F256-32A5-4DFA-9A31-ADF410C02129}.AppStore|iPhoneSimulator.ActiveCfg = Debug|Any CPU
		{6954F256-32A5-4DFA-9A31-ADF410C02129}.AppStore|iPhoneSimulator.Build.0 = Debug|Any CPU
		{6954F256-32A5-4DFA-9A31-ADF410C02129}.AppStore|iPhoneSimulator.Deploy.0 = Debug|Any CPU
		{6954F256-32A5-4DFA-9A31-ADF410C02129}.AppStore|x64.ActiveCfg = Debug|Any CPU
		{6954F256-32A5-4DFA-9A31-ADF410C02129}.AppStore|x64.Build.0 = Debug|Any CPU
		{6954F256-32A5-4DFA-9A31-ADF410C02129}.AppStore|x64.Deploy.0 = Debug|Any CPU
		{6954F256-32A5-4DFA-9A31-ADF410C02129}.AppStore|x86.ActiveCfg = Debug|Any CPU
		{6954F256-32A5-4DFA-9A31-ADF410C02129}.AppStore|x86.Build.0 = Debug|Any CPU
		{6954F256-32A5-4DFA-9A31-ADF410C02129}.AppStore|x86.Deploy.0 = Debug|Any CPU
		{6954F256-32A5-4DFA-9A31-ADF410C02129}.Debug|Any CPU.ActiveCfg = Debug|Any CPU
		{6954F256-32A5-4DFA-9A31-ADF410C02129}.Debug|Any CPU.Build.0 = Debug|Any CPU
		{6954F256-32A5-4DFA-9A31-ADF410C02129}.Debug|Any CPU.Deploy.0 = Debug|Any CPU
		{6954F256-32A5-4DFA-9A31-ADF410C02129}.Debug|ARM.ActiveCfg = Debug|Any CPU
		{6954F256-32A5-4DFA-9A31-ADF410C02129}.Debug|ARM.Build.0 = Debug|Any CPU
		{6954F256-32A5-4DFA-9A31-ADF410C02129}.Debug|ARM.Deploy.0 = Debug|Any CPU
		{6954F256-32A5-4DFA-9A31-ADF410C02129}.Debug|iPhone.ActiveCfg = Debug|Any CPU
		{6954F256-32A5-4DFA-9A31-ADF410C02129}.Debug|iPhone.Build.0 = Debug|Any CPU
		{6954F256-32A5-4DFA-9A31-ADF410C02129}.Debug|iPhone.Deploy.0 = Debug|Any CPU
		{6954F256-32A5-4DFA-9A31-ADF410C02129}.Debug|iPhoneSimulator.ActiveCfg = Debug|Any CPU
		{6954F256-32A5-4DFA-9A31-ADF410C02129}.Debug|iPhoneSimulator.Build.0 = Debug|Any CPU
		{6954F256-32A5-4DFA-9A31-ADF410C02129}.Debug|iPhoneSimulator.Deploy.0 = Debug|Any CPU
		{6954F256-32A5-4DFA-9A31-ADF410C02129}.Debug|x64.ActiveCfg = Debug|Any CPU
		{6954F256-32A5-4DFA-9A31-ADF410C02129}.Debug|x64.Build.0 = Debug|Any CPU
		{6954F256-32A5-4DFA-9A31-ADF410C02129}.Debug|x64.Deploy.0 = Debug|Any CPU
		{6954F256-32A5-4DFA-9A31-ADF410C02129}.Debug|x86.ActiveCfg = Debug|Any CPU
		{6954F256-32A5-4DFA-9A31-ADF410C02129}.Debug|x86.Build.0 = Debug|Any CPU
		{6954F256-32A5-4DFA-9A31-ADF410C02129}.Debug|x86.Deploy.0 = Debug|Any CPU
		{6954F256-32A5-4DFA-9A31-ADF410C02129}.Release|Any CPU.ActiveCfg = Release|Any CPU
		{6954F256-32A5-4DFA-9A31-ADF410C02129}.Release|Any CPU.Build.0 = Release|Any CPU
		{6954F256-32A5-4DFA-9A31-ADF410C02129}.Release|Any CPU.Deploy.0 = Release|Any CPU
		{6954F256-32A5-4DFA-9A31-ADF410C02129}.Release|ARM.ActiveCfg = Release|Any CPU
		{6954F256-32A5-4DFA-9A31-ADF410C02129}.Release|ARM.Build.0 = Release|Any CPU
		{6954F256-32A5-4DFA-9A31-ADF410C02129}.Release|ARM.Deploy.0 = Release|Any CPU
		{6954F256-32A5-4DFA-9A31-ADF410C02129}.Release|iPhone.ActiveCfg = Release|Any CPU
		{6954F256-32A5-4DFA-9A31-ADF410C02129}.Release|iPhone.Build.0 = Release|Any CPU
		{6954F256-32A5-4DFA-9A31-ADF410C02129}.Release|iPhone.Deploy.0 = Release|Any CPU
		{6954F256-32A5-4DFA-9A31-ADF410C02129}.Release|iPhoneSimulator.ActiveCfg = Release|Any CPU
		{6954F256-32A5-4DFA-9A31-ADF410C02129}.Release|iPhoneSimulator.Build.0 = Release|Any CPU
		{6954F256-32A5-4DFA-9A31-ADF410C02129}.Release|iPhoneSimulator.Deploy.0 = Release|Any CPU
		{6954F256-32A5-4DFA-9A31-ADF410C02129}.Release|x64.ActiveCfg = Release|Any CPU
		{6954F256-32A5-4DFA-9A31-ADF410C02129}.Release|x64.Build.0 = Release|Any CPU
		{6954F256-32A5-4DFA-9A31-ADF410C02129}.Release|x64.Deploy.0 = Release|Any CPU
		{6954F256-32A5-4DFA-9A31-ADF410C02129}.Release|x86.ActiveCfg = Release|Any CPU
		{6954F256-32A5-4DFA-9A31-ADF410C02129}.Release|x86.Build.0 = Release|Any CPU
		{6954F256-32A5-4DFA-9A31-ADF410C02129}.Release|x86.Deploy.0 = Release|Any CPU
		{08059BBF-9A77-4F71-9549-37AA9C30FCF5}.Ad-Hoc|Any CPU.ActiveCfg = Debug|Any CPU
		{08059BBF-9A77-4F71-9549-37AA9C30FCF5}.Ad-Hoc|Any CPU.Build.0 = Debug|Any CPU
		{08059BBF-9A77-4F71-9549-37AA9C30FCF5}.Ad-Hoc|ARM.ActiveCfg = Debug|Any CPU
		{08059BBF-9A77-4F71-9549-37AA9C30FCF5}.Ad-Hoc|ARM.Build.0 = Debug|Any CPU
		{08059BBF-9A77-4F71-9549-37AA9C30FCF5}.Ad-Hoc|iPhone.ActiveCfg = Debug|Any CPU
		{08059BBF-9A77-4F71-9549-37AA9C30FCF5}.Ad-Hoc|iPhone.Build.0 = Debug|Any CPU
		{08059BBF-9A77-4F71-9549-37AA9C30FCF5}.Ad-Hoc|iPhoneSimulator.ActiveCfg = Debug|Any CPU
		{08059BBF-9A77-4F71-9549-37AA9C30FCF5}.Ad-Hoc|iPhoneSimulator.Build.0 = Debug|Any CPU
		{08059BBF-9A77-4F71-9549-37AA9C30FCF5}.Ad-Hoc|x64.ActiveCfg = Debug|Any CPU
		{08059BBF-9A77-4F71-9549-37AA9C30FCF5}.Ad-Hoc|x64.Build.0 = Debug|Any CPU
		{08059BBF-9A77-4F71-9549-37AA9C30FCF5}.Ad-Hoc|x86.ActiveCfg = Debug|Any CPU
		{08059BBF-9A77-4F71-9549-37AA9C30FCF5}.Ad-Hoc|x86.Build.0 = Debug|Any CPU
		{08059BBF-9A77-4F71-9549-37AA9C30FCF5}.AppStore|Any CPU.ActiveCfg = Debug|Any CPU
		{08059BBF-9A77-4F71-9549-37AA9C30FCF5}.AppStore|Any CPU.Build.0 = Debug|Any CPU
		{08059BBF-9A77-4F71-9549-37AA9C30FCF5}.AppStore|ARM.ActiveCfg = Debug|Any CPU
		{08059BBF-9A77-4F71-9549-37AA9C30FCF5}.AppStore|ARM.Build.0 = Debug|Any CPU
		{08059BBF-9A77-4F71-9549-37AA9C30FCF5}.AppStore|iPhone.ActiveCfg = Debug|Any CPU
		{08059BBF-9A77-4F71-9549-37AA9C30FCF5}.AppStore|iPhone.Build.0 = Debug|Any CPU
		{08059BBF-9A77-4F71-9549-37AA9C30FCF5}.AppStore|iPhoneSimulator.ActiveCfg = Debug|Any CPU
		{08059BBF-9A77-4F71-9549-37AA9C30FCF5}.AppStore|iPhoneSimulator.Build.0 = Debug|Any CPU
		{08059BBF-9A77-4F71-9549-37AA9C30FCF5}.AppStore|x64.ActiveCfg = Debug|Any CPU
		{08059BBF-9A77-4F71-9549-37AA9C30FCF5}.AppStore|x64.Build.0 = Debug|Any CPU
		{08059BBF-9A77-4F71-9549-37AA9C30FCF5}.AppStore|x86.ActiveCfg = Debug|Any CPU
		{08059BBF-9A77-4F71-9549-37AA9C30FCF5}.AppStore|x86.Build.0 = Debug|Any CPU
		{08059BBF-9A77-4F71-9549-37AA9C30FCF5}.Debug|Any CPU.ActiveCfg = Debug|Any CPU
		{08059BBF-9A77-4F71-9549-37AA9C30FCF5}.Debug|Any CPU.Build.0 = Debug|Any CPU
		{08059BBF-9A77-4F71-9549-37AA9C30FCF5}.Debug|ARM.ActiveCfg = Debug|Any CPU
		{08059BBF-9A77-4F71-9549-37AA9C30FCF5}.Debug|ARM.Build.0 = Debug|Any CPU
		{08059BBF-9A77-4F71-9549-37AA9C30FCF5}.Debug|iPhone.ActiveCfg = Debug|Any CPU
		{08059BBF-9A77-4F71-9549-37AA9C30FCF5}.Debug|iPhone.Build.0 = Debug|Any CPU
		{08059BBF-9A77-4F71-9549-37AA9C30FCF5}.Debug|iPhoneSimulator.ActiveCfg = Debug|Any CPU
		{08059BBF-9A77-4F71-9549-37AA9C30FCF5}.Debug|iPhoneSimulator.Build.0 = Debug|Any CPU
		{08059BBF-9A77-4F71-9549-37AA9C30FCF5}.Debug|x64.ActiveCfg = Debug|Any CPU
		{08059BBF-9A77-4F71-9549-37AA9C30FCF5}.Debug|x64.Build.0 = Debug|Any CPU
		{08059BBF-9A77-4F71-9549-37AA9C30FCF5}.Debug|x86.ActiveCfg = Debug|Any CPU
		{08059BBF-9A77-4F71-9549-37AA9C30FCF5}.Debug|x86.Build.0 = Debug|Any CPU
		{08059BBF-9A77-4F71-9549-37AA9C30FCF5}.Release|Any CPU.ActiveCfg = Release|Any CPU
		{08059BBF-9A77-4F71-9549-37AA9C30FCF5}.Release|Any CPU.Build.0 = Release|Any CPU
		{08059BBF-9A77-4F71-9549-37AA9C30FCF5}.Release|ARM.ActiveCfg = Release|Any CPU
		{08059BBF-9A77-4F71-9549-37AA9C30FCF5}.Release|ARM.Build.0 = Release|Any CPU
		{08059BBF-9A77-4F71-9549-37AA9C30FCF5}.Release|iPhone.ActiveCfg = Release|Any CPU
		{08059BBF-9A77-4F71-9549-37AA9C30FCF5}.Release|iPhone.Build.0 = Release|Any CPU
		{08059BBF-9A77-4F71-9549-37AA9C30FCF5}.Release|iPhoneSimulator.ActiveCfg = Release|Any CPU
		{08059BBF-9A77-4F71-9549-37AA9C30FCF5}.Release|iPhoneSimulator.Build.0 = Release|Any CPU
		{08059BBF-9A77-4F71-9549-37AA9C30FCF5}.Release|x64.ActiveCfg = Release|Any CPU
		{08059BBF-9A77-4F71-9549-37AA9C30FCF5}.Release|x64.Build.0 = Release|Any CPU
		{08059BBF-9A77-4F71-9549-37AA9C30FCF5}.Release|x86.ActiveCfg = Release|Any CPU
		{08059BBF-9A77-4F71-9549-37AA9C30FCF5}.Release|x86.Build.0 = Release|Any CPU
		{0A0A2B0F-8985-4638-84E4-B6376F0BC5C4}.Ad-Hoc|Any CPU.ActiveCfg = Ad-Hoc|iPhoneSimulator
		{0A0A2B0F-8985-4638-84E4-B6376F0BC5C4}.Ad-Hoc|Any CPU.Build.0 = Ad-Hoc|iPhoneSimulator
		{0A0A2B0F-8985-4638-84E4-B6376F0BC5C4}.Ad-Hoc|ARM.ActiveCfg = Ad-Hoc|iPhoneSimulator
		{0A0A2B0F-8985-4638-84E4-B6376F0BC5C4}.Ad-Hoc|ARM.Build.0 = Ad-Hoc|iPhoneSimulator
		{0A0A2B0F-8985-4638-84E4-B6376F0BC5C4}.Ad-Hoc|iPhone.ActiveCfg = Ad-Hoc|iPhone
		{0A0A2B0F-8985-4638-84E4-B6376F0BC5C4}.Ad-Hoc|iPhone.Build.0 = Ad-Hoc|iPhone
		{0A0A2B0F-8985-4638-84E4-B6376F0BC5C4}.Ad-Hoc|iPhoneSimulator.ActiveCfg = Ad-Hoc|iPhoneSimulator
		{0A0A2B0F-8985-4638-84E4-B6376F0BC5C4}.Ad-Hoc|iPhoneSimulator.Build.0 = Ad-Hoc|iPhoneSimulator
		{0A0A2B0F-8985-4638-84E4-B6376F0BC5C4}.Ad-Hoc|x64.ActiveCfg = Ad-Hoc|iPhoneSimulator
		{0A0A2B0F-8985-4638-84E4-B6376F0BC5C4}.Ad-Hoc|x64.Build.0 = Ad-Hoc|iPhoneSimulator
		{0A0A2B0F-8985-4638-84E4-B6376F0BC5C4}.Ad-Hoc|x86.ActiveCfg = Ad-Hoc|iPhoneSimulator
		{0A0A2B0F-8985-4638-84E4-B6376F0BC5C4}.Ad-Hoc|x86.Build.0 = Ad-Hoc|iPhoneSimulator
		{0A0A2B0F-8985-4638-84E4-B6376F0BC5C4}.AppStore|Any CPU.ActiveCfg = AppStore|iPhoneSimulator
		{0A0A2B0F-8985-4638-84E4-B6376F0BC5C4}.AppStore|Any CPU.Build.0 = AppStore|iPhoneSimulator
		{0A0A2B0F-8985-4638-84E4-B6376F0BC5C4}.AppStore|ARM.ActiveCfg = AppStore|iPhoneSimulator
		{0A0A2B0F-8985-4638-84E4-B6376F0BC5C4}.AppStore|ARM.Build.0 = AppStore|iPhoneSimulator
		{0A0A2B0F-8985-4638-84E4-B6376F0BC5C4}.AppStore|iPhone.ActiveCfg = AppStore|iPhone
		{0A0A2B0F-8985-4638-84E4-B6376F0BC5C4}.AppStore|iPhone.Build.0 = AppStore|iPhone
		{0A0A2B0F-8985-4638-84E4-B6376F0BC5C4}.AppStore|iPhoneSimulator.ActiveCfg = AppStore|iPhoneSimulator
		{0A0A2B0F-8985-4638-84E4-B6376F0BC5C4}.AppStore|iPhoneSimulator.Build.0 = AppStore|iPhoneSimulator
		{0A0A2B0F-8985-4638-84E4-B6376F0BC5C4}.AppStore|x64.ActiveCfg = AppStore|iPhoneSimulator
		{0A0A2B0F-8985-4638-84E4-B6376F0BC5C4}.AppStore|x64.Build.0 = AppStore|iPhoneSimulator
		{0A0A2B0F-8985-4638-84E4-B6376F0BC5C4}.AppStore|x86.ActiveCfg = AppStore|iPhoneSimulator
		{0A0A2B0F-8985-4638-84E4-B6376F0BC5C4}.AppStore|x86.Build.0 = AppStore|iPhoneSimulator
		{0A0A2B0F-8985-4638-84E4-B6376F0BC5C4}.Debug|Any CPU.ActiveCfg = Debug|iPhoneSimulator
		{0A0A2B0F-8985-4638-84E4-B6376F0BC5C4}.Debug|Any CPU.Build.0 = Debug|iPhoneSimulator
		{0A0A2B0F-8985-4638-84E4-B6376F0BC5C4}.Debug|ARM.ActiveCfg = Debug|iPhoneSimulator
		{0A0A2B0F-8985-4638-84E4-B6376F0BC5C4}.Debug|ARM.Build.0 = Debug|iPhoneSimulator
		{0A0A2B0F-8985-4638-84E4-B6376F0BC5C4}.Debug|iPhone.ActiveCfg = Debug|iPhone
		{0A0A2B0F-8985-4638-84E4-B6376F0BC5C4}.Debug|iPhone.Build.0 = Debug|iPhone
		{0A0A2B0F-8985-4638-84E4-B6376F0BC5C4}.Debug|iPhoneSimulator.ActiveCfg = Debug|iPhoneSimulator
		{0A0A2B0F-8985-4638-84E4-B6376F0BC5C4}.Debug|iPhoneSimulator.Build.0 = Debug|iPhoneSimulator
		{0A0A2B0F-8985-4638-84E4-B6376F0BC5C4}.Debug|x64.ActiveCfg = Debug|iPhoneSimulator
		{0A0A2B0F-8985-4638-84E4-B6376F0BC5C4}.Debug|x64.Build.0 = Debug|iPhoneSimulator
		{0A0A2B0F-8985-4638-84E4-B6376F0BC5C4}.Debug|x86.ActiveCfg = Debug|iPhoneSimulator
		{0A0A2B0F-8985-4638-84E4-B6376F0BC5C4}.Debug|x86.Build.0 = Debug|iPhoneSimulator
		{0A0A2B0F-8985-4638-84E4-B6376F0BC5C4}.Release|Any CPU.ActiveCfg = Release|iPhoneSimulator
		{0A0A2B0F-8985-4638-84E4-B6376F0BC5C4}.Release|Any CPU.Build.0 = Release|iPhoneSimulator
		{0A0A2B0F-8985-4638-84E4-B6376F0BC5C4}.Release|ARM.ActiveCfg = Release|iPhoneSimulator
		{0A0A2B0F-8985-4638-84E4-B6376F0BC5C4}.Release|ARM.Build.0 = Release|iPhoneSimulator
		{0A0A2B0F-8985-4638-84E4-B6376F0BC5C4}.Release|iPhone.ActiveCfg = Release|iPhone
		{0A0A2B0F-8985-4638-84E4-B6376F0BC5C4}.Release|iPhone.Build.0 = Release|iPhone
		{0A0A2B0F-8985-4638-84E4-B6376F0BC5C4}.Release|iPhoneSimulator.ActiveCfg = Release|iPhoneSimulator
		{0A0A2B0F-8985-4638-84E4-B6376F0BC5C4}.Release|iPhoneSimulator.Build.0 = Release|iPhoneSimulator
		{0A0A2B0F-8985-4638-84E4-B6376F0BC5C4}.Release|x64.ActiveCfg = Release|iPhoneSimulator
		{0A0A2B0F-8985-4638-84E4-B6376F0BC5C4}.Release|x64.Build.0 = Release|iPhoneSimulator
		{0A0A2B0F-8985-4638-84E4-B6376F0BC5C4}.Release|x86.ActiveCfg = Release|iPhoneSimulator
		{0A0A2B0F-8985-4638-84E4-B6376F0BC5C4}.Release|x86.Build.0 = Release|iPhoneSimulator
		{5D03D8FF-F02A-4391-B362-84630BFE983F}.Ad-Hoc|Any CPU.ActiveCfg = Debug|x64
		{5D03D8FF-F02A-4391-B362-84630BFE983F}.Ad-Hoc|Any CPU.Build.0 = Debug|x64
		{5D03D8FF-F02A-4391-B362-84630BFE983F}.Ad-Hoc|ARM.ActiveCfg = Debug|x64
		{5D03D8FF-F02A-4391-B362-84630BFE983F}.Ad-Hoc|ARM.Build.0 = Debug|x64
		{5D03D8FF-F02A-4391-B362-84630BFE983F}.Ad-Hoc|iPhone.ActiveCfg = Debug|x64
		{5D03D8FF-F02A-4391-B362-84630BFE983F}.Ad-Hoc|iPhone.Build.0 = Debug|x64
		{5D03D8FF-F02A-4391-B362-84630BFE983F}.Ad-Hoc|iPhoneSimulator.ActiveCfg = Debug|x64
		{5D03D8FF-F02A-4391-B362-84630BFE983F}.Ad-Hoc|iPhoneSimulator.Build.0 = Debug|x64
		{5D03D8FF-F02A-4391-B362-84630BFE983F}.Ad-Hoc|x64.ActiveCfg = Debug|x64
		{5D03D8FF-F02A-4391-B362-84630BFE983F}.Ad-Hoc|x64.Build.0 = Debug|x64
		{5D03D8FF-F02A-4391-B362-84630BFE983F}.Ad-Hoc|x86.ActiveCfg = Debug|x64
		{5D03D8FF-F02A-4391-B362-84630BFE983F}.Ad-Hoc|x86.Build.0 = Debug|x64
		{5D03D8FF-F02A-4391-B362-84630BFE983F}.AppStore|Any CPU.ActiveCfg = Debug|x64
		{5D03D8FF-F02A-4391-B362-84630BFE983F}.AppStore|Any CPU.Build.0 = Debug|x64
		{5D03D8FF-F02A-4391-B362-84630BFE983F}.AppStore|ARM.ActiveCfg = Debug|x64
		{5D03D8FF-F02A-4391-B362-84630BFE983F}.AppStore|ARM.Build.0 = Debug|x64
		{5D03D8FF-F02A-4391-B362-84630BFE983F}.AppStore|iPhone.ActiveCfg = Debug|x64
		{5D03D8FF-F02A-4391-B362-84630BFE983F}.AppStore|iPhone.Build.0 = Debug|x64
		{5D03D8FF-F02A-4391-B362-84630BFE983F}.AppStore|iPhoneSimulator.ActiveCfg = Debug|x64
		{5D03D8FF-F02A-4391-B362-84630BFE983F}.AppStore|iPhoneSimulator.Build.0 = Debug|x64
		{5D03D8FF-F02A-4391-B362-84630BFE983F}.AppStore|x64.ActiveCfg = Debug|x64
		{5D03D8FF-F02A-4391-B362-84630BFE983F}.AppStore|x64.Build.0 = Debug|x64
		{5D03D8FF-F02A-4391-B362-84630BFE983F}.AppStore|x86.ActiveCfg = Debug|x64
		{5D03D8FF-F02A-4391-B362-84630BFE983F}.AppStore|x86.Build.0 = Debug|x64
		{5D03D8FF-F02A-4391-B362-84630BFE983F}.Debug|Any CPU.ActiveCfg = Debug|x64
		{5D03D8FF-F02A-4391-B362-84630BFE983F}.Debug|Any CPU.Build.0 = Debug|x64
		{5D03D8FF-F02A-4391-B362-84630BFE983F}.Debug|ARM.ActiveCfg = Debug|x64
		{5D03D8FF-F02A-4391-B362-84630BFE983F}.Debug|ARM.Build.0 = Debug|x64
		{5D03D8FF-F02A-4391-B362-84630BFE983F}.Debug|iPhone.ActiveCfg = Debug|x64
		{5D03D8FF-F02A-4391-B362-84630BFE983F}.Debug|iPhone.Build.0 = Debug|x64
		{5D03D8FF-F02A-4391-B362-84630BFE983F}.Debug|iPhoneSimulator.ActiveCfg = Debug|x64
		{5D03D8FF-F02A-4391-B362-84630BFE983F}.Debug|iPhoneSimulator.Build.0 = Debug|x64
		{5D03D8FF-F02A-4391-B362-84630BFE983F}.Debug|x64.ActiveCfg = Debug|x64
		{5D03D8FF-F02A-4391-B362-84630BFE983F}.Debug|x64.Build.0 = Debug|x64
		{5D03D8FF-F02A-4391-B362-84630BFE983F}.Debug|x86.ActiveCfg = Debug|x64
		{5D03D8FF-F02A-4391-B362-84630BFE983F}.Debug|x86.Build.0 = Debug|x64
		{5D03D8FF-F02A-4391-B362-84630BFE983F}.Release|Any CPU.ActiveCfg = Release|x64
		{5D03D8FF-F02A-4391-B362-84630BFE983F}.Release|Any CPU.Build.0 = Release|x64
		{5D03D8FF-F02A-4391-B362-84630BFE983F}.Release|ARM.ActiveCfg = Release|x64
		{5D03D8FF-F02A-4391-B362-84630BFE983F}.Release|ARM.Build.0 = Release|x64
		{5D03D8FF-F02A-4391-B362-84630BFE983F}.Release|iPhone.ActiveCfg = Release|x64
		{5D03D8FF-F02A-4391-B362-84630BFE983F}.Release|iPhone.Build.0 = Release|x64
		{5D03D8FF-F02A-4391-B362-84630BFE983F}.Release|iPhoneSimulator.ActiveCfg = Release|x64
		{5D03D8FF-F02A-4391-B362-84630BFE983F}.Release|iPhoneSimulator.Build.0 = Release|x64
		{5D03D8FF-F02A-4391-B362-84630BFE983F}.Release|x64.ActiveCfg = Release|x64
		{5D03D8FF-F02A-4391-B362-84630BFE983F}.Release|x64.Build.0 = Release|x64
		{5D03D8FF-F02A-4391-B362-84630BFE983F}.Release|x86.ActiveCfg = Release|x64
		{5D03D8FF-F02A-4391-B362-84630BFE983F}.Release|x86.Build.0 = Release|x64
		{8D54F50D-B12F-4CBE-9C7B-A41088CB820B}.Ad-Hoc|Any CPU.ActiveCfg = Debug|Any CPU
		{8D54F50D-B12F-4CBE-9C7B-A41088CB820B}.Ad-Hoc|Any CPU.Build.0 = Debug|Any CPU
		{8D54F50D-B12F-4CBE-9C7B-A41088CB820B}.Ad-Hoc|ARM.ActiveCfg = Debug|Any CPU
		{8D54F50D-B12F-4CBE-9C7B-A41088CB820B}.Ad-Hoc|ARM.Build.0 = Debug|Any CPU
		{8D54F50D-B12F-4CBE-9C7B-A41088CB820B}.Ad-Hoc|iPhone.ActiveCfg = Debug|Any CPU
		{8D54F50D-B12F-4CBE-9C7B-A41088CB820B}.Ad-Hoc|iPhone.Build.0 = Debug|Any CPU
		{8D54F50D-B12F-4CBE-9C7B-A41088CB820B}.Ad-Hoc|iPhoneSimulator.ActiveCfg = Debug|Any CPU
		{8D54F50D-B12F-4CBE-9C7B-A41088CB820B}.Ad-Hoc|iPhoneSimulator.Build.0 = Debug|Any CPU
		{8D54F50D-B12F-4CBE-9C7B-A41088CB820B}.Ad-Hoc|x64.ActiveCfg = Debug|Any CPU
		{8D54F50D-B12F-4CBE-9C7B-A41088CB820B}.Ad-Hoc|x64.Build.0 = Debug|Any CPU
		{8D54F50D-B12F-4CBE-9C7B-A41088CB820B}.Ad-Hoc|x86.ActiveCfg = Debug|Any CPU
		{8D54F50D-B12F-4CBE-9C7B-A41088CB820B}.Ad-Hoc|x86.Build.0 = Debug|Any CPU
		{8D54F50D-B12F-4CBE-9C7B-A41088CB820B}.AppStore|Any CPU.ActiveCfg = Debug|Any CPU
		{8D54F50D-B12F-4CBE-9C7B-A41088CB820B}.AppStore|Any CPU.Build.0 = Debug|Any CPU
		{8D54F50D-B12F-4CBE-9C7B-A41088CB820B}.AppStore|ARM.ActiveCfg = Debug|Any CPU
		{8D54F50D-B12F-4CBE-9C7B-A41088CB820B}.AppStore|ARM.Build.0 = Debug|Any CPU
		{8D54F50D-B12F-4CBE-9C7B-A41088CB820B}.AppStore|iPhone.ActiveCfg = Debug|Any CPU
		{8D54F50D-B12F-4CBE-9C7B-A41088CB820B}.AppStore|iPhone.Build.0 = Debug|Any CPU
		{8D54F50D-B12F-4CBE-9C7B-A41088CB820B}.AppStore|iPhoneSimulator.ActiveCfg = Debug|Any CPU
		{8D54F50D-B12F-4CBE-9C7B-A41088CB820B}.AppStore|iPhoneSimulator.Build.0 = Debug|Any CPU
		{8D54F50D-B12F-4CBE-9C7B-A41088CB820B}.AppStore|x64.ActiveCfg = Debug|Any CPU
		{8D54F50D-B12F-4CBE-9C7B-A41088CB820B}.AppStore|x64.Build.0 = Debug|Any CPU
		{8D54F50D-B12F-4CBE-9C7B-A41088CB820B}.AppStore|x86.ActiveCfg = Debug|Any CPU
		{8D54F50D-B12F-4CBE-9C7B-A41088CB820B}.AppStore|x86.Build.0 = Debug|Any CPU
		{8D54F50D-B12F-4CBE-9C7B-A41088CB820B}.Debug|Any CPU.ActiveCfg = Debug|Any CPU
		{8D54F50D-B12F-4CBE-9C7B-A41088CB820B}.Debug|Any CPU.Build.0 = Debug|Any CPU
		{8D54F50D-B12F-4CBE-9C7B-A41088CB820B}.Debug|ARM.ActiveCfg = Debug|Any CPU
		{8D54F50D-B12F-4CBE-9C7B-A41088CB820B}.Debug|ARM.Build.0 = Debug|Any CPU
		{8D54F50D-B12F-4CBE-9C7B-A41088CB820B}.Debug|iPhone.ActiveCfg = Debug|Any CPU
		{8D54F50D-B12F-4CBE-9C7B-A41088CB820B}.Debug|iPhone.Build.0 = Debug|Any CPU
		{8D54F50D-B12F-4CBE-9C7B-A41088CB820B}.Debug|iPhoneSimulator.ActiveCfg = Debug|Any CPU
		{8D54F50D-B12F-4CBE-9C7B-A41088CB820B}.Debug|iPhoneSimulator.Build.0 = Debug|Any CPU
		{8D54F50D-B12F-4CBE-9C7B-A41088CB820B}.Debug|x64.ActiveCfg = Debug|Any CPU
		{8D54F50D-B12F-4CBE-9C7B-A41088CB820B}.Debug|x64.Build.0 = Debug|Any CPU
		{8D54F50D-B12F-4CBE-9C7B-A41088CB820B}.Debug|x86.ActiveCfg = Debug|Any CPU
		{8D54F50D-B12F-4CBE-9C7B-A41088CB820B}.Debug|x86.Build.0 = Debug|Any CPU
		{8D54F50D-B12F-4CBE-9C7B-A41088CB820B}.Release|Any CPU.ActiveCfg = Release|Any CPU
		{8D54F50D-B12F-4CBE-9C7B-A41088CB820B}.Release|Any CPU.Build.0 = Release|Any CPU
		{8D54F50D-B12F-4CBE-9C7B-A41088CB820B}.Release|ARM.ActiveCfg = Release|Any CPU
		{8D54F50D-B12F-4CBE-9C7B-A41088CB820B}.Release|ARM.Build.0 = Release|Any CPU
		{8D54F50D-B12F-4CBE-9C7B-A41088CB820B}.Release|iPhone.ActiveCfg = Release|Any CPU
		{8D54F50D-B12F-4CBE-9C7B-A41088CB820B}.Release|iPhone.Build.0 = Release|Any CPU
		{8D54F50D-B12F-4CBE-9C7B-A41088CB820B}.Release|iPhoneSimulator.ActiveCfg = Release|Any CPU
		{8D54F50D-B12F-4CBE-9C7B-A41088CB820B}.Release|iPhoneSimulator.Build.0 = Release|Any CPU
		{8D54F50D-B12F-4CBE-9C7B-A41088CB820B}.Release|x64.ActiveCfg = Release|Any CPU
		{8D54F50D-B12F-4CBE-9C7B-A41088CB820B}.Release|x64.Build.0 = Release|Any CPU
		{8D54F50D-B12F-4CBE-9C7B-A41088CB820B}.Release|x86.ActiveCfg = Release|Any CPU
		{8D54F50D-B12F-4CBE-9C7B-A41088CB820B}.Release|x86.Build.0 = Release|Any CPU
		{4D9196BB-DB34-4B04-95EA-3C42B9D23802}.Ad-Hoc|Any CPU.ActiveCfg = Debug|Any CPU
		{4D9196BB-DB34-4B04-95EA-3C42B9D23802}.Ad-Hoc|Any CPU.Build.0 = Debug|Any CPU
		{4D9196BB-DB34-4B04-95EA-3C42B9D23802}.Ad-Hoc|ARM.ActiveCfg = Debug|Any CPU
		{4D9196BB-DB34-4B04-95EA-3C42B9D23802}.Ad-Hoc|ARM.Build.0 = Debug|Any CPU
		{4D9196BB-DB34-4B04-95EA-3C42B9D23802}.Ad-Hoc|iPhone.ActiveCfg = Debug|Any CPU
		{4D9196BB-DB34-4B04-95EA-3C42B9D23802}.Ad-Hoc|iPhone.Build.0 = Debug|Any CPU
		{4D9196BB-DB34-4B04-95EA-3C42B9D23802}.Ad-Hoc|iPhoneSimulator.ActiveCfg = Debug|Any CPU
		{4D9196BB-DB34-4B04-95EA-3C42B9D23802}.Ad-Hoc|iPhoneSimulator.Build.0 = Debug|Any CPU
		{4D9196BB-DB34-4B04-95EA-3C42B9D23802}.Ad-Hoc|x64.ActiveCfg = Debug|Any CPU
		{4D9196BB-DB34-4B04-95EA-3C42B9D23802}.Ad-Hoc|x64.Build.0 = Debug|Any CPU
		{4D9196BB-DB34-4B04-95EA-3C42B9D23802}.Ad-Hoc|x86.ActiveCfg = Debug|Any CPU
		{4D9196BB-DB34-4B04-95EA-3C42B9D23802}.Ad-Hoc|x86.Build.0 = Debug|Any CPU
		{4D9196BB-DB34-4B04-95EA-3C42B9D23802}.AppStore|Any CPU.ActiveCfg = Debug|Any CPU
		{4D9196BB-DB34-4B04-95EA-3C42B9D23802}.AppStore|Any CPU.Build.0 = Debug|Any CPU
		{4D9196BB-DB34-4B04-95EA-3C42B9D23802}.AppStore|ARM.ActiveCfg = Debug|Any CPU
		{4D9196BB-DB34-4B04-95EA-3C42B9D23802}.AppStore|ARM.Build.0 = Debug|Any CPU
		{4D9196BB-DB34-4B04-95EA-3C42B9D23802}.AppStore|iPhone.ActiveCfg = Debug|Any CPU
		{4D9196BB-DB34-4B04-95EA-3C42B9D23802}.AppStore|iPhone.Build.0 = Debug|Any CPU
		{4D9196BB-DB34-4B04-95EA-3C42B9D23802}.AppStore|iPhoneSimulator.ActiveCfg = Debug|Any CPU
		{4D9196BB-DB34-4B04-95EA-3C42B9D23802}.AppStore|iPhoneSimulator.Build.0 = Debug|Any CPU
		{4D9196BB-DB34-4B04-95EA-3C42B9D23802}.AppStore|x64.ActiveCfg = Debug|Any CPU
		{4D9196BB-DB34-4B04-95EA-3C42B9D23802}.AppStore|x64.Build.0 = Debug|Any CPU
		{4D9196BB-DB34-4B04-95EA-3C42B9D23802}.AppStore|x86.ActiveCfg = Debug|Any CPU
		{4D9196BB-DB34-4B04-95EA-3C42B9D23802}.AppStore|x86.Build.0 = Debug|Any CPU
		{4D9196BB-DB34-4B04-95EA-3C42B9D23802}.Debug|Any CPU.ActiveCfg = Debug|Any CPU
		{4D9196BB-DB34-4B04-95EA-3C42B9D23802}.Debug|Any CPU.Build.0 = Debug|Any CPU
		{4D9196BB-DB34-4B04-95EA-3C42B9D23802}.Debug|ARM.ActiveCfg = Debug|Any CPU
		{4D9196BB-DB34-4B04-95EA-3C42B9D23802}.Debug|ARM.Build.0 = Debug|Any CPU
		{4D9196BB-DB34-4B04-95EA-3C42B9D23802}.Debug|iPhone.ActiveCfg = Debug|Any CPU
		{4D9196BB-DB34-4B04-95EA-3C42B9D23802}.Debug|iPhone.Build.0 = Debug|Any CPU
		{4D9196BB-DB34-4B04-95EA-3C42B9D23802}.Debug|iPhoneSimulator.ActiveCfg = Debug|Any CPU
		{4D9196BB-DB34-4B04-95EA-3C42B9D23802}.Debug|iPhoneSimulator.Build.0 = Debug|Any CPU
		{4D9196BB-DB34-4B04-95EA-3C42B9D23802}.Debug|x64.ActiveCfg = Debug|Any CPU
		{4D9196BB-DB34-4B04-95EA-3C42B9D23802}.Debug|x64.Build.0 = Debug|Any CPU
		{4D9196BB-DB34-4B04-95EA-3C42B9D23802}.Debug|x86.ActiveCfg = Debug|Any CPU
		{4D9196BB-DB34-4B04-95EA-3C42B9D23802}.Debug|x86.Build.0 = Debug|Any CPU
		{4D9196BB-DB34-4B04-95EA-3C42B9D23802}.Release|Any CPU.ActiveCfg = Release|Any CPU
		{4D9196BB-DB34-4B04-95EA-3C42B9D23802}.Release|Any CPU.Build.0 = Release|Any CPU
		{4D9196BB-DB34-4B04-95EA-3C42B9D23802}.Release|ARM.ActiveCfg = Release|Any CPU
		{4D9196BB-DB34-4B04-95EA-3C42B9D23802}.Release|ARM.Build.0 = Release|Any CPU
		{4D9196BB-DB34-4B04-95EA-3C42B9D23802}.Release|iPhone.ActiveCfg = Release|Any CPU
		{4D9196BB-DB34-4B04-95EA-3C42B9D23802}.Release|iPhone.Build.0 = Release|Any CPU
		{4D9196BB-DB34-4B04-95EA-3C42B9D23802}.Release|iPhoneSimulator.ActiveCfg = Release|Any CPU
		{4D9196BB-DB34-4B04-95EA-3C42B9D23802}.Release|iPhoneSimulator.Build.0 = Release|Any CPU
		{4D9196BB-DB34-4B04-95EA-3C42B9D23802}.Release|x64.ActiveCfg = Release|Any CPU
		{4D9196BB-DB34-4B04-95EA-3C42B9D23802}.Release|x64.Build.0 = Release|Any CPU
		{4D9196BB-DB34-4B04-95EA-3C42B9D23802}.Release|x86.ActiveCfg = Release|Any CPU
		{4D9196BB-DB34-4B04-95EA-3C42B9D23802}.Release|x86.Build.0 = Release|Any CPU
		{BC2D7C7D-FC5A-4583-9670-6C9762F54DC6}.Ad-Hoc|Any CPU.ActiveCfg = Debug|x64
		{BC2D7C7D-FC5A-4583-9670-6C9762F54DC6}.Ad-Hoc|Any CPU.Build.0 = Debug|x64
		{BC2D7C7D-FC5A-4583-9670-6C9762F54DC6}.Ad-Hoc|Any CPU.Deploy.0 = Debug|x64
		{BC2D7C7D-FC5A-4583-9670-6C9762F54DC6}.Ad-Hoc|ARM.ActiveCfg = Debug|ARM
		{BC2D7C7D-FC5A-4583-9670-6C9762F54DC6}.Ad-Hoc|ARM.Build.0 = Debug|ARM
		{BC2D7C7D-FC5A-4583-9670-6C9762F54DC6}.Ad-Hoc|ARM.Deploy.0 = Debug|ARM
		{BC2D7C7D-FC5A-4583-9670-6C9762F54DC6}.Ad-Hoc|iPhone.ActiveCfg = Debug|x64
		{BC2D7C7D-FC5A-4583-9670-6C9762F54DC6}.Ad-Hoc|iPhone.Build.0 = Debug|x64
		{BC2D7C7D-FC5A-4583-9670-6C9762F54DC6}.Ad-Hoc|iPhone.Deploy.0 = Debug|x64
		{BC2D7C7D-FC5A-4583-9670-6C9762F54DC6}.Ad-Hoc|iPhoneSimulator.ActiveCfg = Debug|x64
		{BC2D7C7D-FC5A-4583-9670-6C9762F54DC6}.Ad-Hoc|iPhoneSimulator.Build.0 = Debug|x64
		{BC2D7C7D-FC5A-4583-9670-6C9762F54DC6}.Ad-Hoc|iPhoneSimulator.Deploy.0 = Debug|x64
		{BC2D7C7D-FC5A-4583-9670-6C9762F54DC6}.Ad-Hoc|x64.ActiveCfg = Debug|x64
		{BC2D7C7D-FC5A-4583-9670-6C9762F54DC6}.Ad-Hoc|x64.Build.0 = Debug|x64
		{BC2D7C7D-FC5A-4583-9670-6C9762F54DC6}.Ad-Hoc|x64.Deploy.0 = Debug|x64
		{BC2D7C7D-FC5A-4583-9670-6C9762F54DC6}.Ad-Hoc|x86.ActiveCfg = Debug|x86
		{BC2D7C7D-FC5A-4583-9670-6C9762F54DC6}.Ad-Hoc|x86.Build.0 = Debug|x86
		{BC2D7C7D-FC5A-4583-9670-6C9762F54DC6}.Ad-Hoc|x86.Deploy.0 = Debug|x86
		{BC2D7C7D-FC5A-4583-9670-6C9762F54DC6}.AppStore|Any CPU.ActiveCfg = Debug|x64
		{BC2D7C7D-FC5A-4583-9670-6C9762F54DC6}.AppStore|Any CPU.Build.0 = Debug|x64
		{BC2D7C7D-FC5A-4583-9670-6C9762F54DC6}.AppStore|Any CPU.Deploy.0 = Debug|x64
		{BC2D7C7D-FC5A-4583-9670-6C9762F54DC6}.AppStore|ARM.ActiveCfg = Debug|ARM
		{BC2D7C7D-FC5A-4583-9670-6C9762F54DC6}.AppStore|ARM.Build.0 = Debug|ARM
		{BC2D7C7D-FC5A-4583-9670-6C9762F54DC6}.AppStore|ARM.Deploy.0 = Debug|ARM
		{BC2D7C7D-FC5A-4583-9670-6C9762F54DC6}.AppStore|iPhone.ActiveCfg = Debug|x64
		{BC2D7C7D-FC5A-4583-9670-6C9762F54DC6}.AppStore|iPhone.Build.0 = Debug|x64
		{BC2D7C7D-FC5A-4583-9670-6C9762F54DC6}.AppStore|iPhone.Deploy.0 = Debug|x64
		{BC2D7C7D-FC5A-4583-9670-6C9762F54DC6}.AppStore|iPhoneSimulator.ActiveCfg = Debug|x64
		{BC2D7C7D-FC5A-4583-9670-6C9762F54DC6}.AppStore|iPhoneSimulator.Build.0 = Debug|x64
		{BC2D7C7D-FC5A-4583-9670-6C9762F54DC6}.AppStore|iPhoneSimulator.Deploy.0 = Debug|x64
		{BC2D7C7D-FC5A-4583-9670-6C9762F54DC6}.AppStore|x64.ActiveCfg = Debug|x64
		{BC2D7C7D-FC5A-4583-9670-6C9762F54DC6}.AppStore|x64.Build.0 = Debug|x64
		{BC2D7C7D-FC5A-4583-9670-6C9762F54DC6}.AppStore|x64.Deploy.0 = Debug|x64
		{BC2D7C7D-FC5A-4583-9670-6C9762F54DC6}.AppStore|x86.ActiveCfg = Debug|x86
		{BC2D7C7D-FC5A-4583-9670-6C9762F54DC6}.AppStore|x86.Build.0 = Debug|x86
		{BC2D7C7D-FC5A-4583-9670-6C9762F54DC6}.AppStore|x86.Deploy.0 = Debug|x86
		{BC2D7C7D-FC5A-4583-9670-6C9762F54DC6}.Debug|Any CPU.ActiveCfg = Debug|x64
		{BC2D7C7D-FC5A-4583-9670-6C9762F54DC6}.Debug|Any CPU.Build.0 = Debug|x64
		{BC2D7C7D-FC5A-4583-9670-6C9762F54DC6}.Debug|Any CPU.Deploy.0 = Debug|x64
		{BC2D7C7D-FC5A-4583-9670-6C9762F54DC6}.Debug|ARM.ActiveCfg = Debug|ARM
		{BC2D7C7D-FC5A-4583-9670-6C9762F54DC6}.Debug|ARM.Build.0 = Debug|ARM
		{BC2D7C7D-FC5A-4583-9670-6C9762F54DC6}.Debug|ARM.Deploy.0 = Debug|ARM
		{BC2D7C7D-FC5A-4583-9670-6C9762F54DC6}.Debug|iPhone.ActiveCfg = Debug|x64
		{BC2D7C7D-FC5A-4583-9670-6C9762F54DC6}.Debug|iPhone.Build.0 = Debug|x64
		{BC2D7C7D-FC5A-4583-9670-6C9762F54DC6}.Debug|iPhone.Deploy.0 = Debug|x64
		{BC2D7C7D-FC5A-4583-9670-6C9762F54DC6}.Debug|iPhoneSimulator.ActiveCfg = Debug|x64
		{BC2D7C7D-FC5A-4583-9670-6C9762F54DC6}.Debug|iPhoneSimulator.Build.0 = Debug|x64
		{BC2D7C7D-FC5A-4583-9670-6C9762F54DC6}.Debug|iPhoneSimulator.Deploy.0 = Debug|x64
		{BC2D7C7D-FC5A-4583-9670-6C9762F54DC6}.Debug|x64.ActiveCfg = Debug|x64
		{BC2D7C7D-FC5A-4583-9670-6C9762F54DC6}.Debug|x64.Build.0 = Debug|x64
		{BC2D7C7D-FC5A-4583-9670-6C9762F54DC6}.Debug|x64.Deploy.0 = Debug|x64
		{BC2D7C7D-FC5A-4583-9670-6C9762F54DC6}.Debug|x86.ActiveCfg = Debug|x86
		{BC2D7C7D-FC5A-4583-9670-6C9762F54DC6}.Debug|x86.Build.0 = Debug|x86
		{BC2D7C7D-FC5A-4583-9670-6C9762F54DC6}.Debug|x86.Deploy.0 = Debug|x86
		{BC2D7C7D-FC5A-4583-9670-6C9762F54DC6}.Release|Any CPU.ActiveCfg = Release|x64
		{BC2D7C7D-FC5A-4583-9670-6C9762F54DC6}.Release|Any CPU.Build.0 = Release|x64
		{BC2D7C7D-FC5A-4583-9670-6C9762F54DC6}.Release|Any CPU.Deploy.0 = Release|x64
		{BC2D7C7D-FC5A-4583-9670-6C9762F54DC6}.Release|ARM.ActiveCfg = Release|ARM
		{BC2D7C7D-FC5A-4583-9670-6C9762F54DC6}.Release|ARM.Build.0 = Release|ARM
		{BC2D7C7D-FC5A-4583-9670-6C9762F54DC6}.Release|ARM.Deploy.0 = Release|ARM
		{BC2D7C7D-FC5A-4583-9670-6C9762F54DC6}.Release|iPhone.ActiveCfg = Release|x64
		{BC2D7C7D-FC5A-4583-9670-6C9762F54DC6}.Release|iPhone.Build.0 = Release|x64
		{BC2D7C7D-FC5A-4583-9670-6C9762F54DC6}.Release|iPhone.Deploy.0 = Release|x64
		{BC2D7C7D-FC5A-4583-9670-6C9762F54DC6}.Release|iPhoneSimulator.ActiveCfg = Release|x64
		{BC2D7C7D-FC5A-4583-9670-6C9762F54DC6}.Release|iPhoneSimulator.Build.0 = Release|x64
		{BC2D7C7D-FC5A-4583-9670-6C9762F54DC6}.Release|iPhoneSimulator.Deploy.0 = Release|x64
		{BC2D7C7D-FC5A-4583-9670-6C9762F54DC6}.Release|x64.ActiveCfg = Release|x64
		{BC2D7C7D-FC5A-4583-9670-6C9762F54DC6}.Release|x64.Build.0 = Release|x64
		{BC2D7C7D-FC5A-4583-9670-6C9762F54DC6}.Release|x64.Deploy.0 = Release|x64
		{BC2D7C7D-FC5A-4583-9670-6C9762F54DC6}.Release|x86.ActiveCfg = Release|x86
		{BC2D7C7D-FC5A-4583-9670-6C9762F54DC6}.Release|x86.Build.0 = Release|x86
		{BC2D7C7D-FC5A-4583-9670-6C9762F54DC6}.Release|x86.Deploy.0 = Release|x86
		{FAC7EEE5-C505-4BD0-ABC9-F30DFC01079D}.Ad-Hoc|Any CPU.ActiveCfg = Debug|Any CPU
		{FAC7EEE5-C505-4BD0-ABC9-F30DFC01079D}.Ad-Hoc|Any CPU.Build.0 = Debug|Any CPU
		{FAC7EEE5-C505-4BD0-ABC9-F30DFC01079D}.Ad-Hoc|ARM.ActiveCfg = Debug|Any CPU
		{FAC7EEE5-C505-4BD0-ABC9-F30DFC01079D}.Ad-Hoc|ARM.Build.0 = Debug|Any CPU
		{FAC7EEE5-C505-4BD0-ABC9-F30DFC01079D}.Ad-Hoc|iPhone.ActiveCfg = Debug|Any CPU
		{FAC7EEE5-C505-4BD0-ABC9-F30DFC01079D}.Ad-Hoc|iPhone.Build.0 = Debug|Any CPU
		{FAC7EEE5-C505-4BD0-ABC9-F30DFC01079D}.Ad-Hoc|iPhoneSimulator.ActiveCfg = Debug|Any CPU
		{FAC7EEE5-C505-4BD0-ABC9-F30DFC01079D}.Ad-Hoc|iPhoneSimulator.Build.0 = Debug|Any CPU
		{FAC7EEE5-C505-4BD0-ABC9-F30DFC01079D}.Ad-Hoc|x64.ActiveCfg = Debug|Any CPU
		{FAC7EEE5-C505-4BD0-ABC9-F30DFC01079D}.Ad-Hoc|x64.Build.0 = Debug|Any CPU
		{FAC7EEE5-C505-4BD0-ABC9-F30DFC01079D}.Ad-Hoc|x86.ActiveCfg = Debug|Any CPU
		{FAC7EEE5-C505-4BD0-ABC9-F30DFC01079D}.Ad-Hoc|x86.Build.0 = Debug|Any CPU
		{FAC7EEE5-C505-4BD0-ABC9-F30DFC01079D}.AppStore|Any CPU.ActiveCfg = Debug|Any CPU
		{FAC7EEE5-C505-4BD0-ABC9-F30DFC01079D}.AppStore|Any CPU.Build.0 = Debug|Any CPU
		{FAC7EEE5-C505-4BD0-ABC9-F30DFC01079D}.AppStore|ARM.ActiveCfg = Debug|Any CPU
		{FAC7EEE5-C505-4BD0-ABC9-F30DFC01079D}.AppStore|ARM.Build.0 = Debug|Any CPU
		{FAC7EEE5-C505-4BD0-ABC9-F30DFC01079D}.AppStore|iPhone.ActiveCfg = Debug|Any CPU
		{FAC7EEE5-C505-4BD0-ABC9-F30DFC01079D}.AppStore|iPhone.Build.0 = Debug|Any CPU
		{FAC7EEE5-C505-4BD0-ABC9-F30DFC01079D}.AppStore|iPhoneSimulator.ActiveCfg = Debug|Any CPU
		{FAC7EEE5-C505-4BD0-ABC9-F30DFC01079D}.AppStore|iPhoneSimulator.Build.0 = Debug|Any CPU
		{FAC7EEE5-C505-4BD0-ABC9-F30DFC01079D}.AppStore|x64.ActiveCfg = Debug|Any CPU
		{FAC7EEE5-C505-4BD0-ABC9-F30DFC01079D}.AppStore|x64.Build.0 = Debug|Any CPU
		{FAC7EEE5-C505-4BD0-ABC9-F30DFC01079D}.AppStore|x86.ActiveCfg = Debug|Any CPU
		{FAC7EEE5-C505-4BD0-ABC9-F30DFC01079D}.AppStore|x86.Build.0 = Debug|Any CPU
		{FAC7EEE5-C505-4BD0-ABC9-F30DFC01079D}.Debug|Any CPU.ActiveCfg = Debug|Any CPU
		{FAC7EEE5-C505-4BD0-ABC9-F30DFC01079D}.Debug|Any CPU.Build.0 = Debug|Any CPU
		{FAC7EEE5-C505-4BD0-ABC9-F30DFC01079D}.Debug|ARM.ActiveCfg = Debug|Any CPU
		{FAC7EEE5-C505-4BD0-ABC9-F30DFC01079D}.Debug|ARM.Build.0 = Debug|Any CPU
		{FAC7EEE5-C505-4BD0-ABC9-F30DFC01079D}.Debug|iPhone.ActiveCfg = Debug|Any CPU
		{FAC7EEE5-C505-4BD0-ABC9-F30DFC01079D}.Debug|iPhone.Build.0 = Debug|Any CPU
		{FAC7EEE5-C505-4BD0-ABC9-F30DFC01079D}.Debug|iPhoneSimulator.ActiveCfg = Debug|Any CPU
		{FAC7EEE5-C505-4BD0-ABC9-F30DFC01079D}.Debug|iPhoneSimulator.Build.0 = Debug|Any CPU
		{FAC7EEE5-C505-4BD0-ABC9-F30DFC01079D}.Debug|x64.ActiveCfg = Debug|Any CPU
		{FAC7EEE5-C505-4BD0-ABC9-F30DFC01079D}.Debug|x64.Build.0 = Debug|Any CPU
		{FAC7EEE5-C505-4BD0-ABC9-F30DFC01079D}.Debug|x86.ActiveCfg = Debug|Any CPU
		{FAC7EEE5-C505-4BD0-ABC9-F30DFC01079D}.Debug|x86.Build.0 = Debug|Any CPU
		{FAC7EEE5-C505-4BD0-ABC9-F30DFC01079D}.Release|Any CPU.ActiveCfg = Release|Any CPU
		{FAC7EEE5-C505-4BD0-ABC9-F30DFC01079D}.Release|Any CPU.Build.0 = Release|Any CPU
		{FAC7EEE5-C505-4BD0-ABC9-F30DFC01079D}.Release|ARM.ActiveCfg = Release|Any CPU
		{FAC7EEE5-C505-4BD0-ABC9-F30DFC01079D}.Release|ARM.Build.0 = Release|Any CPU
		{FAC7EEE5-C505-4BD0-ABC9-F30DFC01079D}.Release|iPhone.ActiveCfg = Release|Any CPU
		{FAC7EEE5-C505-4BD0-ABC9-F30DFC01079D}.Release|iPhone.Build.0 = Release|Any CPU
		{FAC7EEE5-C505-4BD0-ABC9-F30DFC01079D}.Release|iPhoneSimulator.ActiveCfg = Release|Any CPU
		{FAC7EEE5-C505-4BD0-ABC9-F30DFC01079D}.Release|iPhoneSimulator.Build.0 = Release|Any CPU
		{FAC7EEE5-C505-4BD0-ABC9-F30DFC01079D}.Release|x64.ActiveCfg = Release|Any CPU
		{FAC7EEE5-C505-4BD0-ABC9-F30DFC01079D}.Release|x64.Build.0 = Release|Any CPU
		{FAC7EEE5-C505-4BD0-ABC9-F30DFC01079D}.Release|x86.ActiveCfg = Release|Any CPU
		{FAC7EEE5-C505-4BD0-ABC9-F30DFC01079D}.Release|x86.Build.0 = Release|Any CPU
	EndGlobalSection
	GlobalSection(SolutionProperties) = preSolution
		HideSolutionNode = FALSE
	EndGlobalSection
	GlobalSection(NestedProjects) = preSolution
		{5287E61C-EB2B-4D41-A1D7-0B35BA494B2B} = {8A4EC3DC-DF67-47EA-A55D-104521ABC2A1}
		{5F9B6BC1-B0DB-4AC3-8771-468C53FFD9F9} = {8A4EC3DC-DF67-47EA-A55D-104521ABC2A1}
		{865830E0-4915-44B4-A200-A41074147DE0} = {B067A103-8C93-4EA9-AD2D-1A3E6DFC7F68}
		{8A4EC3DC-DF67-47EA-A55D-104521ABC2A1} = {B067A103-8C93-4EA9-AD2D-1A3E6DFC7F68}
		{BAA9B1DD-F7B9-4F1B-9539-89DD1A36C485} = {865830E0-4915-44B4-A200-A41074147DE0}
		{6954F256-32A5-4DFA-9A31-ADF410C02129} = {865830E0-4915-44B4-A200-A41074147DE0}
		{08059BBF-9A77-4F71-9549-37AA9C30FCF5} = {865830E0-4915-44B4-A200-A41074147DE0}
		{0A0A2B0F-8985-4638-84E4-B6376F0BC5C4} = {865830E0-4915-44B4-A200-A41074147DE0}
		{5D03D8FF-F02A-4391-B362-84630BFE983F} = {865830E0-4915-44B4-A200-A41074147DE0}
		{8D54F50D-B12F-4CBE-9C7B-A41088CB820B} = {865830E0-4915-44B4-A200-A41074147DE0}
		{4D9196BB-DB34-4B04-95EA-3C42B9D23802} = {865830E0-4915-44B4-A200-A41074147DE0}
		{BC2D7C7D-FC5A-4583-9670-6C9762F54DC6} = {865830E0-4915-44B4-A200-A41074147DE0}
		{FAC7EEE5-C505-4BD0-ABC9-F30DFC01079D} = {8A4EC3DC-DF67-47EA-A55D-104521ABC2A1}
	EndGlobalSection
	GlobalSection(ExtensibilityGlobals) = postSolution
		SolutionGuid = {B684ECAE-5BC4-4409-8C2C-9335B6F848C6}
	EndGlobalSection
EndGlobal
