Microsoft Visual Studio Solution File, Format Version 12.00
# Visual Studio Version 17
VisualStudioVersion = 17.5.2.0
MinimumVisualStudioVersion = 10.0.40219.1
Project("{FAE04EC0-301F-11D3-BF4B-00C04F79EFBC}") = "ChronoWiz.Avalonia.Linux", "ChronoWiz.Avalonia.Linux.csproj", "{0FDC3EC1-0FA3-CF46-BEEB-ABAF2F0D8801}"
EndProject
Global
	GlobalSection(SolutionConfigurationPlatforms) = preSolution
		Debug|Any CPU = Debug|Any CPU
		Release|Any CPU = Release|Any CPU
	EndGlobalSection
	GlobalSection(ProjectConfigurationPlatforms) = postSolution
		{0FDC3EC1-0FA3-CF46-BEEB-ABAF2F0D8801}.Debug|Any CPU.ActiveCfg = Debug|Any CPU
		{0FDC3EC1-0FA3-CF46-BEEB-ABAF2F0D8801}.Debug|Any CPU.Build.0 = Debug|Any CPU
		{0FDC3EC1-0FA3-CF46-BEEB-ABAF2F0D8801}.Release|Any CPU.ActiveCfg = Release|Any CPU
		{0FDC3EC1-0FA3-CF46-BEEB-ABAF2F0D8801}.Release|Any CPU.Build.0 = Release|Any CPU
	EndGlobalSection
	GlobalSection(SolutionProperties) = preSolution
		HideSolutionNode = FALSE
	EndGlobalSection
	GlobalSection(ExtensibilityGlobals) = postSolution
		SolutionGuid = {6A5E53EC-9E2E-47DB-9041-07CFB2409F85}
	EndGlobalSection
EndGlobal
